// !$*UTF8*$!
{
	archiveVersion = 1;
	classes = {
	};
	objectVersion = 46;
	objects = {

/* Begin PBXBuildFile section */
		8402D1721E61F6C600968EA2 /* Main.storyboard in Resources */ = {isa = PBXBuildFile; fileRef = 8402D1701E61F6C600968EA2 /* Main.storyboard */; };
		8402D1771E61F6C600968EA2 /* Assets.xcassets in Resources */ = {isa = PBXBuildFile; fileRef = 8402D1761E61F6C600968EA2 /* Assets.xcassets */; };
		8402D17A1E61F6C600968EA2 /* LaunchScreen.storyboard in Resources */ = {isa = PBXBuildFile; fileRef = 8402D1781E61F6C600968EA2 /* LaunchScreen.storyboard */; };
		84D92FC01E61F88D00F823DD /* AppDelegate.m in Sources */ = {isa = PBXBuildFile; fileRef = 84D92FBF1E61F88D00F823DD /* AppDelegate.m */; };
		84D92FC91E61F9D000F823DD /* CoreDataAccessLayer.m in Sources */ = {isa = PBXBuildFile; fileRef = 84D92FC41E61F9D000F823DD /* CoreDataAccessLayer.m */; };
		84D92FCA1E61F9D000F823DD /* CoreDataRequestManager.m in Sources */ = {isa = PBXBuildFile; fileRef = 84D92FC71E61F9D000F823DD /* CoreDataRequestManager.m */; };
		84D92FCD1E61FB9800F823DD /* iMoney.xcdatamodeld in Sources */ = {isa = PBXBuildFile; fileRef = 84D92FCB1E61FB9800F823DD /* iMoney.xcdatamodeld */; };
		CC632467DCA99E63795C5D67 /* libPods-iMoney.a in Frameworks */ = {isa = PBXBuildFile; fileRef = 11C586DD88F1E8E3AB5C9D4B /* libPods-iMoney.a */; };
		FA0330801E7D75C400BB8DBA /* main.m in Sources */ = {isa = PBXBuildFile; fileRef = FA03307E1E7D75C400BB8DBA /* main.m */; };
		FA0330841E7D786800BB8DBA /* ApplicationConstants.m in Sources */ = {isa = PBXBuildFile; fileRef = FA0330831E7D786800BB8DBA /* ApplicationConstants.m */; };
		FA0330961E7D7F9F00BB8DBA /* iMoneyUtils.m in Sources */ = {isa = PBXBuildFile; fileRef = FA0330951E7D7F9F00BB8DBA /* iMoneyUtils.m */; };
		FA0ACEE81E87D2ED000A42EE /* currency.plist in Resources */ = {isa = PBXBuildFile; fileRef = FA0ACEE71E87D2ED000A42EE /* currency.plist */; };
		FA0ACEED1E87D55D000A42EE /* CurrencyTableViewCell.m in Sources */ = {isa = PBXBuildFile; fileRef = FA0ACEEB1E87D55D000A42EE /* CurrencyTableViewCell.m */; };
		FA0ACEEE1E87D55D000A42EE /* CurrencyTableViewCell.xib in Resources */ = {isa = PBXBuildFile; fileRef = FA0ACEEC1E87D55D000A42EE /* CurrencyTableViewCell.xib */; };
		FA0ACEF11E87EAEE000A42EE /* CoreDataInsertManager.m in Sources */ = {isa = PBXBuildFile; fileRef = FA0ACEF01E87EAEE000A42EE /* CoreDataInsertManager.m */; };
		FA3C73371E845B90000E261F /* MainWalletCollectionViewCell.m in Sources */ = {isa = PBXBuildFile; fileRef = FA3C73351E845B90000E261F /* MainWalletCollectionViewCell.m */; };
		FA3C73381E845B90000E261F /* MainWalletCollectionViewCell.xib in Resources */ = {isa = PBXBuildFile; fileRef = FA3C73361E845B90000E261F /* MainWalletCollectionViewCell.xib */; };
		FA5540191E7E995900A4C773 /* DatabaseSyncManager.m in Sources */ = {isa = PBXBuildFile; fileRef = FA5540181E7E995900A4C773 /* DatabaseSyncManager.m */; };
		FA745CBD1E94201E0035BB58 /* UserImagesCollectionViewCell.m in Sources */ = {isa = PBXBuildFile; fileRef = FA745CBB1E94201E0035BB58 /* UserImagesCollectionViewCell.m */; };
		FA745CBE1E94201E0035BB58 /* UserImagesCollectionViewCell.xib in Resources */ = {isa = PBXBuildFile; fileRef = FA745CBC1E94201E0035BB58 /* UserImagesCollectionViewCell.xib */; };
		FA9693231E872A6A00F86873 /* ColorPickerViewController.m in Sources */ = {isa = PBXBuildFile; fileRef = FA9693221E872A6A00F86873 /* ColorPickerViewController.m */; };
		FA9693271E87324100F86873 /* UIColor+CoreData.m in Sources */ = {isa = PBXBuildFile; fileRef = FA9693261E87324100F86873 /* UIColor+CoreData.m */; };
		FA9CDBD71E9031A600BA2992 /* MapKit.framework in Frameworks */ = {isa = PBXBuildFile; fileRef = FA9CDBD61E9031A600BA2992 /* MapKit.framework */; };
		FAA8385D1E86CA54005BFADF /* TransactionTableViewCell.m in Sources */ = {isa = PBXBuildFile; fileRef = FAA8385B1E86CA54005BFADF /* TransactionTableViewCell.m */; };
		FAA8385E1E86CA54005BFADF /* TransactionTableViewCell.xib in Resources */ = {isa = PBXBuildFile; fileRef = FAA8385C1E86CA54005BFADF /* TransactionTableViewCell.xib */; };
		FAA838631E86E1FA005BFADF /* AddEditWalletViewController.m in Sources */ = {isa = PBXBuildFile; fileRef = FAA838621E86E1FA005BFADF /* AddEditWalletViewController.m */; };
		FAA838721E870BC9005BFADF /* TPKeyboardAvoidingCollectionView.m in Sources */ = {isa = PBXBuildFile; fileRef = FAA8386A1E870BC9005BFADF /* TPKeyboardAvoidingCollectionView.m */; };
		FAA838731E870BC9005BFADF /* TPKeyboardAvoidingScrollView.m in Sources */ = {isa = PBXBuildFile; fileRef = FAA8386D1E870BC9005BFADF /* TPKeyboardAvoidingScrollView.m */; };
		FAA838741E870BC9005BFADF /* TPKeyboardAvoidingTableView.m in Sources */ = {isa = PBXBuildFile; fileRef = FAA8386F1E870BC9005BFADF /* TPKeyboardAvoidingTableView.m */; };
		FAA838751E870BC9005BFADF /* UIScrollView+TPKeyboardAvoidingAdditions.m in Sources */ = {isa = PBXBuildFile; fileRef = FAA838711E870BC9005BFADF /* UIScrollView+TPKeyboardAvoidingAdditions.m */; };
		FAAC9F911E7DE79B0077B160 /* MenuTableViewCell.m in Sources */ = {isa = PBXBuildFile; fileRef = FAAC9F8F1E7DE79B0077B160 /* MenuTableViewCell.m */; };
		FAAC9F921E7DE79B0077B160 /* MenuTableViewCell.xib in Resources */ = {isa = PBXBuildFile; fileRef = FAAC9F901E7DE79B0077B160 /* MenuTableViewCell.xib */; };
		FAB3F47D1E8B151100A1A2EF /* Transaction+CoreDataClass.m in Sources */ = {isa = PBXBuildFile; fileRef = FAB3F4761E8B151100A1A2EF /* Transaction+CoreDataClass.m */; };
		FAB3F47E1E8B151100A1A2EF /* Transaction+CoreDataProperties.m in Sources */ = {isa = PBXBuildFile; fileRef = FAB3F4781E8B151100A1A2EF /* Transaction+CoreDataProperties.m */; };
		FAB3F47F1E8B151100A1A2EF /* Wallet+CoreDataClass.m in Sources */ = {isa = PBXBuildFile; fileRef = FAB3F47A1E8B151100A1A2EF /* Wallet+CoreDataClass.m */; };
		FAB3F4801E8B151100A1A2EF /* Wallet+CoreDataProperties.m in Sources */ = {isa = PBXBuildFile; fileRef = FAB3F47C1E8B151100A1A2EF /* Wallet+CoreDataProperties.m */; };
		FAC10AE41E81D7D900118899 /* MainViewControllerCollectionView.m in Sources */ = {isa = PBXBuildFile; fileRef = FAC10AE31E81D7D900118899 /* MainViewControllerCollectionView.m */; };
		FAC10AE71E81D7EC00118899 /* MainViewControllerTablleView.m in Sources */ = {isa = PBXBuildFile; fileRef = FAC10AE61E81D7EC00118899 /* MainViewControllerTablleView.m */; };
		FACCD6261E92CFF200C8E698 /* TransactionViewController+DataSource.m in Sources */ = {isa = PBXBuildFile; fileRef = FACCD6251E92CFF200C8E698 /* TransactionViewController+DataSource.m */; };
		FAD2FF571E87CBF5001BB364 /* CurrencyPickerViewController.m in Sources */ = {isa = PBXBuildFile; fileRef = FAD2FF561E87CBF5001BB364 /* CurrencyPickerViewController.m */; };
		FADB2E971E88381100319EB6 /* HWViewPager.m in Sources */ = {isa = PBXBuildFile; fileRef = FADB2E961E88381100319EB6 /* HWViewPager.m */; };
		FAE101771E7DC8AF003525DF /* MenuViewController.m in Sources */ = {isa = PBXBuildFile; fileRef = FAE101761E7DC8AF003525DF /* MenuViewController.m */; };
		FAE1017E1E7DC9B6003525DF /* MainViewController.m in Sources */ = {isa = PBXBuildFile; fileRef = FAE1017D1E7DC9B6003525DF /* MainViewController.m */; };
		FAE101831E7DD182003525DF /* SWRevealViewController.m in Sources */ = {isa = PBXBuildFile; fileRef = FAE101821E7DD182003525DF /* SWRevealViewController.m */; };
		FAE43DC71E847A7600C90817 /* CustomTabBarController.m in Sources */ = {isa = PBXBuildFile; fileRef = FAE43DC61E847A7600C90817 /* CustomTabBarController.m */; };
		FAEAC8AF1E8FCF7400E38654 /* DropboxSDK.framework in Frameworks */ = {isa = PBXBuildFile; fileRef = FAEAC8AE1E8FCF7400E38654 /* DropboxSDK.framework */; };
		FAEAC8B41E8FD39B00E38654 /* DropBoxUtils.m in Sources */ = {isa = PBXBuildFile; fileRef = FAEAC8B31E8FD39B00E38654 /* DropBoxUtils.m */; };
		FAECCFBF1E96AD78001D4B8F /* ReminderViewController.m in Sources */ = {isa = PBXBuildFile; fileRef = FAECCFBD1E96AD78001D4B8F /* ReminderViewController.m */; };
		FAECCFC01E96AD78001D4B8F /* ReminderViewController.xib in Resources */ = {isa = PBXBuildFile; fileRef = FAECCFBE1E96AD78001D4B8F /* ReminderViewController.xib */; };
		FAECCFC31E96B1C0001D4B8F /* AppDelegate+Notifications.m in Sources */ = {isa = PBXBuildFile; fileRef = FAECCFC21E96B1C0001D4B8F /* AppDelegate+Notifications.m */; };
		FAECCFC81E96C5D5001D4B8F /* MenuImages.plist in Resources */ = {isa = PBXBuildFile; fileRef = FAECCFC61E96C5D5001D4B8F /* MenuImages.plist */; };
		FAECCFCA1E96C6AA001D4B8F /* MenuContent.plist in Resources */ = {isa = PBXBuildFile; fileRef = FAECCFC91E96C6AA001D4B8F /* MenuContent.plist */; };
		FAECCFCE1E96E232001D4B8F /* ReorderWalletsViewController.m in Sources */ = {isa = PBXBuildFile; fileRef = FAECCFCD1E96E232001D4B8F /* ReorderWalletsViewController.m */; };
		FAECCFD31E96E267001D4B8F /* WalletTableViewCell.m in Sources */ = {isa = PBXBuildFile; fileRef = FAECCFD11E96E267001D4B8F /* WalletTableViewCell.m */; };
		FAECCFD41E96E267001D4B8F /* WalletTableViewCell.xib in Resources */ = {isa = PBXBuildFile; fileRef = FAECCFD21E96E267001D4B8F /* WalletTableViewCell.xib */; };
		FAFF39FA1E88414600524084 /* SelectedWalletViewController.m in Sources */ = {isa = PBXBuildFile; fileRef = FAFF39F91E88414600524084 /* SelectedWalletViewController.m */; };
		FAFF39FD1E88415400524084 /* TransactionViewController.m in Sources */ = {isa = PBXBuildFile; fileRef = FAFF39FC1E88415400524084 /* TransactionViewController.m */; };
		FAFF3A001E8858D500524084 /* SelectedWalletViewController+UI.m in Sources */ = {isa = PBXBuildFile; fileRef = FAFF39FF1E8858D500524084 /* SelectedWalletViewController+UI.m */; };
/* End PBXBuildFile section */

/* Begin PBXFileReference section */
		11C586DD88F1E8E3AB5C9D4B /* libPods-iMoney.a */ = {isa = PBXFileReference; explicitFileType = archive.ar; includeInIndex = 0; path = "libPods-iMoney.a"; sourceTree = BUILT_PRODUCTS_DIR; };
		154A945D88A862DD47CAD59F /* Pods-iMoney.debug.xcconfig */ = {isa = PBXFileReference; includeInIndex = 1; lastKnownFileType = text.xcconfig; name = "Pods-iMoney.debug.xcconfig"; path = "Pods/Target Support Files/Pods-iMoney/Pods-iMoney.debug.xcconfig"; sourceTree = "<group>"; };
		8402D1641E61F6C600968EA2 /* iMoney.app */ = {isa = PBXFileReference; explicitFileType = wrapper.application; includeInIndex = 0; path = iMoney.app; sourceTree = BUILT_PRODUCTS_DIR; };
		8402D1711E61F6C600968EA2 /* Base */ = {isa = PBXFileReference; lastKnownFileType = file.storyboard; name = Base; path = Base.lproj/Main.storyboard; sourceTree = "<group>"; };
		8402D1761E61F6C600968EA2 /* Assets.xcassets */ = {isa = PBXFileReference; lastKnownFileType = folder.assetcatalog; path = Assets.xcassets; sourceTree = "<group>"; };
		8402D1791E61F6C600968EA2 /* Base */ = {isa = PBXFileReference; lastKnownFileType = file.storyboard; name = Base; path = Base.lproj/LaunchScreen.storyboard; sourceTree = "<group>"; };
		8402D17B1E61F6C600968EA2 /* Info.plist */ = {isa = PBXFileReference; lastKnownFileType = text.plist.xml; path = Info.plist; sourceTree = "<group>"; };
		84D92FBE1E61F88D00F823DD /* AppDelegate.h */ = {isa = PBXFileReference; fileEncoding = 4; lastKnownFileType = sourcecode.c.h; path = AppDelegate.h; sourceTree = "<group>"; };
		84D92FBF1E61F88D00F823DD /* AppDelegate.m */ = {isa = PBXFileReference; fileEncoding = 4; lastKnownFileType = sourcecode.c.objc; path = AppDelegate.m; sourceTree = "<group>"; };
		84D92FC31E61F9D000F823DD /* CoreDataAccessLayer.h */ = {isa = PBXFileReference; fileEncoding = 4; lastKnownFileType = sourcecode.c.h; path = CoreDataAccessLayer.h; sourceTree = "<group>"; };
		84D92FC41E61F9D000F823DD /* CoreDataAccessLayer.m */ = {isa = PBXFileReference; fileEncoding = 4; lastKnownFileType = sourcecode.c.objc; path = CoreDataAccessLayer.m; sourceTree = "<group>"; };
		84D92FC61E61F9D000F823DD /* CoreDataRequestManager.h */ = {isa = PBXFileReference; fileEncoding = 4; lastKnownFileType = sourcecode.c.h; path = CoreDataRequestManager.h; sourceTree = "<group>"; };
		84D92FC71E61F9D000F823DD /* CoreDataRequestManager.m */ = {isa = PBXFileReference; fileEncoding = 4; lastKnownFileType = sourcecode.c.objc; path = CoreDataRequestManager.m; sourceTree = "<group>"; };
		84D92FCC1E61FB9800F823DD /* iMoney.xcdatamodel */ = {isa = PBXFileReference; lastKnownFileType = wrapper.xcdatamodel; path = iMoney.xcdatamodel; sourceTree = "<group>"; };
		B7AAAB9D4BE802D71A22FB00 /* Pods-iMoney.release.xcconfig */ = {isa = PBXFileReference; includeInIndex = 1; lastKnownFileType = text.xcconfig; name = "Pods-iMoney.release.xcconfig"; path = "Pods/Target Support Files/Pods-iMoney/Pods-iMoney.release.xcconfig"; sourceTree = "<group>"; };
		FA03307B1E7D73C200BB8DBA /* iMoney.entitlements */ = {isa = PBXFileReference; lastKnownFileType = text.plist.entitlements; path = iMoney.entitlements; sourceTree = "<group>"; };
		FA03307E1E7D75C400BB8DBA /* main.m */ = {isa = PBXFileReference; fileEncoding = 4; lastKnownFileType = sourcecode.c.objc; path = main.m; sourceTree = "<group>"; };
		FA0330811E7D75EB00BB8DBA /* PrefixHeader.pch */ = {isa = PBXFileReference; fileEncoding = 4; lastKnownFileType = sourcecode.c.h; path = PrefixHeader.pch; sourceTree = "<group>"; };
		FA0330821E7D786800BB8DBA /* ApplicationConstants.h */ = {isa = PBXFileReference; fileEncoding = 4; lastKnownFileType = sourcecode.c.h; path = ApplicationConstants.h; sourceTree = "<group>"; };
		FA0330831E7D786800BB8DBA /* ApplicationConstants.m */ = {isa = PBXFileReference; fileEncoding = 4; lastKnownFileType = sourcecode.c.objc; path = ApplicationConstants.m; sourceTree = "<group>"; };
		FA0330941E7D7F9F00BB8DBA /* iMoneyUtils.h */ = {isa = PBXFileReference; fileEncoding = 4; lastKnownFileType = sourcecode.c.h; path = iMoneyUtils.h; sourceTree = "<group>"; };
		FA0330951E7D7F9F00BB8DBA /* iMoneyUtils.m */ = {isa = PBXFileReference; fileEncoding = 4; lastKnownFileType = sourcecode.c.objc; path = iMoneyUtils.m; sourceTree = "<group>"; };
		FA0ACEE71E87D2ED000A42EE /* currency.plist */ = {isa = PBXFileReference; fileEncoding = 4; lastKnownFileType = text.plist.xml; path = currency.plist; sourceTree = "<group>"; };
		FA0ACEEA1E87D55D000A42EE /* CurrencyTableViewCell.h */ = {isa = PBXFileReference; fileEncoding = 4; lastKnownFileType = sourcecode.c.h; path = CurrencyTableViewCell.h; sourceTree = "<group>"; };
		FA0ACEEB1E87D55D000A42EE /* CurrencyTableViewCell.m */ = {isa = PBXFileReference; fileEncoding = 4; lastKnownFileType = sourcecode.c.objc; path = CurrencyTableViewCell.m; sourceTree = "<group>"; };
		FA0ACEEC1E87D55D000A42EE /* CurrencyTableViewCell.xib */ = {isa = PBXFileReference; fileEncoding = 4; lastKnownFileType = file.xib; path = CurrencyTableViewCell.xib; sourceTree = "<group>"; };
		FA0ACEEF1E87EAEE000A42EE /* CoreDataInsertManager.h */ = {isa = PBXFileReference; fileEncoding = 4; lastKnownFileType = sourcecode.c.h; path = CoreDataInsertManager.h; sourceTree = "<group>"; };
		FA0ACEF01E87EAEE000A42EE /* CoreDataInsertManager.m */ = {isa = PBXFileReference; fileEncoding = 4; lastKnownFileType = sourcecode.c.objc; path = CoreDataInsertManager.m; sourceTree = "<group>"; };
		FA3C73341E845B90000E261F /* MainWalletCollectionViewCell.h */ = {isa = PBXFileReference; fileEncoding = 4; lastKnownFileType = sourcecode.c.h; path = MainWalletCollectionViewCell.h; sourceTree = "<group>"; };
		FA3C73351E845B90000E261F /* MainWalletCollectionViewCell.m */ = {isa = PBXFileReference; fileEncoding = 4; lastKnownFileType = sourcecode.c.objc; path = MainWalletCollectionViewCell.m; sourceTree = "<group>"; };
		FA3C73361E845B90000E261F /* MainWalletCollectionViewCell.xib */ = {isa = PBXFileReference; fileEncoding = 4; lastKnownFileType = file.xib; path = MainWalletCollectionViewCell.xib; sourceTree = "<group>"; };
		FA5540171E7E995900A4C773 /* DatabaseSyncManager.h */ = {isa = PBXFileReference; fileEncoding = 4; lastKnownFileType = sourcecode.c.h; path = DatabaseSyncManager.h; sourceTree = "<group>"; };
		FA5540181E7E995900A4C773 /* DatabaseSyncManager.m */ = {isa = PBXFileReference; fileEncoding = 4; lastKnownFileType = sourcecode.c.objc; path = DatabaseSyncManager.m; sourceTree = "<group>"; };
		FA745CBA1E94201E0035BB58 /* UserImagesCollectionViewCell.h */ = {isa = PBXFileReference; fileEncoding = 4; lastKnownFileType = sourcecode.c.h; path = UserImagesCollectionViewCell.h; sourceTree = "<group>"; };
		FA745CBB1E94201E0035BB58 /* UserImagesCollectionViewCell.m */ = {isa = PBXFileReference; fileEncoding = 4; lastKnownFileType = sourcecode.c.objc; path = UserImagesCollectionViewCell.m; sourceTree = "<group>"; };
		FA745CBC1E94201E0035BB58 /* UserImagesCollectionViewCell.xib */ = {isa = PBXFileReference; fileEncoding = 4; lastKnownFileType = file.xib; path = UserImagesCollectionViewCell.xib; sourceTree = "<group>"; };
		FA9693211E872A6A00F86873 /* ColorPickerViewController.h */ = {isa = PBXFileReference; fileEncoding = 4; lastKnownFileType = sourcecode.c.h; path = ColorPickerViewController.h; sourceTree = "<group>"; };
		FA9693221E872A6A00F86873 /* ColorPickerViewController.m */ = {isa = PBXFileReference; fileEncoding = 4; lastKnownFileType = sourcecode.c.objc; path = ColorPickerViewController.m; sourceTree = "<group>"; };
		FA9693251E87324100F86873 /* UIColor+CoreData.h */ = {isa = PBXFileReference; fileEncoding = 4; lastKnownFileType = sourcecode.c.h; path = "UIColor+CoreData.h"; sourceTree = "<group>"; };
		FA9693261E87324100F86873 /* UIColor+CoreData.m */ = {isa = PBXFileReference; fileEncoding = 4; lastKnownFileType = sourcecode.c.objc; path = "UIColor+CoreData.m"; sourceTree = "<group>"; };
		FA9CDBD61E9031A600BA2992 /* MapKit.framework */ = {isa = PBXFileReference; lastKnownFileType = wrapper.framework; name = MapKit.framework; path = System/Library/Frameworks/MapKit.framework; sourceTree = SDKROOT; };
		FAA8385A1E86CA54005BFADF /* TransactionTableViewCell.h */ = {isa = PBXFileReference; fileEncoding = 4; lastKnownFileType = sourcecode.c.h; path = TransactionTableViewCell.h; sourceTree = "<group>"; };
		FAA8385B1E86CA54005BFADF /* TransactionTableViewCell.m */ = {isa = PBXFileReference; fileEncoding = 4; lastKnownFileType = sourcecode.c.objc; path = TransactionTableViewCell.m; sourceTree = "<group>"; };
		FAA8385C1E86CA54005BFADF /* TransactionTableViewCell.xib */ = {isa = PBXFileReference; fileEncoding = 4; lastKnownFileType = file.xib; path = TransactionTableViewCell.xib; sourceTree = "<group>"; };
		FAA838611E86E1FA005BFADF /* AddEditWalletViewController.h */ = {isa = PBXFileReference; fileEncoding = 4; lastKnownFileType = sourcecode.c.h; path = AddEditWalletViewController.h; sourceTree = "<group>"; };
		FAA838621E86E1FA005BFADF /* AddEditWalletViewController.m */ = {isa = PBXFileReference; fileEncoding = 4; lastKnownFileType = sourcecode.c.objc; path = AddEditWalletViewController.m; sourceTree = "<group>"; };
		FAA838671E86E34A005BFADF /* Enums.h */ = {isa = PBXFileReference; lastKnownFileType = sourcecode.c.h; path = Enums.h; sourceTree = "<group>"; };
		FAA838691E870BC9005BFADF /* TPKeyboardAvoidingCollectionView.h */ = {isa = PBXFileReference; fileEncoding = 4; lastKnownFileType = sourcecode.c.h; path = TPKeyboardAvoidingCollectionView.h; sourceTree = "<group>"; };
		FAA8386A1E870BC9005BFADF /* TPKeyboardAvoidingCollectionView.m */ = {isa = PBXFileReference; fileEncoding = 4; lastKnownFileType = sourcecode.c.objc; path = TPKeyboardAvoidingCollectionView.m; sourceTree = "<group>"; };
		FAA8386C1E870BC9005BFADF /* TPKeyboardAvoidingScrollView.h */ = {isa = PBXFileReference; fileEncoding = 4; lastKnownFileType = sourcecode.c.h; path = TPKeyboardAvoidingScrollView.h; sourceTree = "<group>"; };
		FAA8386D1E870BC9005BFADF /* TPKeyboardAvoidingScrollView.m */ = {isa = PBXFileReference; fileEncoding = 4; lastKnownFileType = sourcecode.c.objc; path = TPKeyboardAvoidingScrollView.m; sourceTree = "<group>"; };
		FAA8386E1E870BC9005BFADF /* TPKeyboardAvoidingTableView.h */ = {isa = PBXFileReference; fileEncoding = 4; lastKnownFileType = sourcecode.c.h; path = TPKeyboardAvoidingTableView.h; sourceTree = "<group>"; };
		FAA8386F1E870BC9005BFADF /* TPKeyboardAvoidingTableView.m */ = {isa = PBXFileReference; fileEncoding = 4; lastKnownFileType = sourcecode.c.objc; path = TPKeyboardAvoidingTableView.m; sourceTree = "<group>"; };
		FAA838701E870BC9005BFADF /* UIScrollView+TPKeyboardAvoidingAdditions.h */ = {isa = PBXFileReference; fileEncoding = 4; lastKnownFileType = sourcecode.c.h; path = "UIScrollView+TPKeyboardAvoidingAdditions.h"; sourceTree = "<group>"; };
		FAA838711E870BC9005BFADF /* UIScrollView+TPKeyboardAvoidingAdditions.m */ = {isa = PBXFileReference; fileEncoding = 4; lastKnownFileType = sourcecode.c.objc; path = "UIScrollView+TPKeyboardAvoidingAdditions.m"; sourceTree = "<group>"; };
		FAAC9F8E1E7DE79B0077B160 /* MenuTableViewCell.h */ = {isa = PBXFileReference; fileEncoding = 4; lastKnownFileType = sourcecode.c.h; path = MenuTableViewCell.h; sourceTree = "<group>"; };
		FAAC9F8F1E7DE79B0077B160 /* MenuTableViewCell.m */ = {isa = PBXFileReference; fileEncoding = 4; lastKnownFileType = sourcecode.c.objc; path = MenuTableViewCell.m; sourceTree = "<group>"; };
		FAAC9F901E7DE79B0077B160 /* MenuTableViewCell.xib */ = {isa = PBXFileReference; fileEncoding = 4; lastKnownFileType = file.xib; path = MenuTableViewCell.xib; sourceTree = "<group>"; };
		FAB3F4751E8B151100A1A2EF /* Transaction+CoreDataClass.h */ = {isa = PBXFileReference; fileEncoding = 4; lastKnownFileType = sourcecode.c.h; path = "Transaction+CoreDataClass.h"; sourceTree = "<group>"; };
		FAB3F4761E8B151100A1A2EF /* Transaction+CoreDataClass.m */ = {isa = PBXFileReference; fileEncoding = 4; lastKnownFileType = sourcecode.c.objc; path = "Transaction+CoreDataClass.m"; sourceTree = "<group>"; };
		FAB3F4771E8B151100A1A2EF /* Transaction+CoreDataProperties.h */ = {isa = PBXFileReference; fileEncoding = 4; lastKnownFileType = sourcecode.c.h; path = "Transaction+CoreDataProperties.h"; sourceTree = "<group>"; };
		FAB3F4781E8B151100A1A2EF /* Transaction+CoreDataProperties.m */ = {isa = PBXFileReference; fileEncoding = 4; lastKnownFileType = sourcecode.c.objc; path = "Transaction+CoreDataProperties.m"; sourceTree = "<group>"; };
		FAB3F4791E8B151100A1A2EF /* Wallet+CoreDataClass.h */ = {isa = PBXFileReference; fileEncoding = 4; lastKnownFileType = sourcecode.c.h; path = "Wallet+CoreDataClass.h"; sourceTree = "<group>"; };
		FAB3F47A1E8B151100A1A2EF /* Wallet+CoreDataClass.m */ = {isa = PBXFileReference; fileEncoding = 4; lastKnownFileType = sourcecode.c.objc; path = "Wallet+CoreDataClass.m"; sourceTree = "<group>"; };
		FAB3F47B1E8B151100A1A2EF /* Wallet+CoreDataProperties.h */ = {isa = PBXFileReference; fileEncoding = 4; lastKnownFileType = sourcecode.c.h; path = "Wallet+CoreDataProperties.h"; sourceTree = "<group>"; };
		FAB3F47C1E8B151100A1A2EF /* Wallet+CoreDataProperties.m */ = {isa = PBXFileReference; fileEncoding = 4; lastKnownFileType = sourcecode.c.objc; path = "Wallet+CoreDataProperties.m"; sourceTree = "<group>"; };
		FAC10AE21E81D7D900118899 /* MainViewControllerCollectionView.h */ = {isa = PBXFileReference; fileEncoding = 4; lastKnownFileType = sourcecode.c.h; path = MainViewControllerCollectionView.h; sourceTree = "<group>"; };
		FAC10AE31E81D7D900118899 /* MainViewControllerCollectionView.m */ = {isa = PBXFileReference; fileEncoding = 4; lastKnownFileType = sourcecode.c.objc; path = MainViewControllerCollectionView.m; sourceTree = "<group>"; };
		FAC10AE51E81D7EC00118899 /* MainViewControllerTablleView.h */ = {isa = PBXFileReference; fileEncoding = 4; lastKnownFileType = sourcecode.c.h; path = MainViewControllerTablleView.h; sourceTree = "<group>"; };
		FAC10AE61E81D7EC00118899 /* MainViewControllerTablleView.m */ = {isa = PBXFileReference; fileEncoding = 4; lastKnownFileType = sourcecode.c.objc; path = MainViewControllerTablleView.m; sourceTree = "<group>"; };
		FACCD6241E92CFF200C8E698 /* TransactionViewController+DataSource.h */ = {isa = PBXFileReference; fileEncoding = 4; lastKnownFileType = sourcecode.c.h; path = "TransactionViewController+DataSource.h"; sourceTree = "<group>"; };
		FACCD6251E92CFF200C8E698 /* TransactionViewController+DataSource.m */ = {isa = PBXFileReference; fileEncoding = 4; lastKnownFileType = sourcecode.c.objc; path = "TransactionViewController+DataSource.m"; sourceTree = "<group>"; };
		FAD2FF551E87CBF5001BB364 /* CurrencyPickerViewController.h */ = {isa = PBXFileReference; fileEncoding = 4; lastKnownFileType = sourcecode.c.h; path = CurrencyPickerViewController.h; sourceTree = "<group>"; };
		FAD2FF561E87CBF5001BB364 /* CurrencyPickerViewController.m */ = {isa = PBXFileReference; fileEncoding = 4; lastKnownFileType = sourcecode.c.objc; path = CurrencyPickerViewController.m; sourceTree = "<group>"; };
		FADB2E951E88381100319EB6 /* HWViewPager.h */ = {isa = PBXFileReference; fileEncoding = 4; lastKnownFileType = sourcecode.c.h; path = HWViewPager.h; sourceTree = "<group>"; };
		FADB2E961E88381100319EB6 /* HWViewPager.m */ = {isa = PBXFileReference; fileEncoding = 4; lastKnownFileType = sourcecode.c.objc; path = HWViewPager.m; sourceTree = "<group>"; };
		FAE101751E7DC8AF003525DF /* MenuViewController.h */ = {isa = PBXFileReference; fileEncoding = 4; lastKnownFileType = sourcecode.c.h; path = MenuViewController.h; sourceTree = "<group>"; };
		FAE101761E7DC8AF003525DF /* MenuViewController.m */ = {isa = PBXFileReference; fileEncoding = 4; lastKnownFileType = sourcecode.c.objc; path = MenuViewController.m; sourceTree = "<group>"; };
		FAE1017C1E7DC9B6003525DF /* MainViewController.h */ = {isa = PBXFileReference; fileEncoding = 4; lastKnownFileType = sourcecode.c.h; path = MainViewController.h; sourceTree = "<group>"; };
		FAE1017D1E7DC9B6003525DF /* MainViewController.m */ = {isa = PBXFileReference; fileEncoding = 4; lastKnownFileType = sourcecode.c.objc; path = MainViewController.m; sourceTree = "<group>"; };
		FAE101811E7DD182003525DF /* SWRevealViewController.h */ = {isa = PBXFileReference; fileEncoding = 4; lastKnownFileType = sourcecode.c.h; path = SWRevealViewController.h; sourceTree = "<group>"; };
		FAE101821E7DD182003525DF /* SWRevealViewController.m */ = {isa = PBXFileReference; fileEncoding = 4; lastKnownFileType = sourcecode.c.objc; path = SWRevealViewController.m; sourceTree = "<group>"; };
		FAE43DC51E847A7600C90817 /* CustomTabBarController.h */ = {isa = PBXFileReference; fileEncoding = 4; lastKnownFileType = sourcecode.c.h; path = CustomTabBarController.h; sourceTree = "<group>"; };
		FAE43DC61E847A7600C90817 /* CustomTabBarController.m */ = {isa = PBXFileReference; fileEncoding = 4; lastKnownFileType = sourcecode.c.objc; path = CustomTabBarController.m; sourceTree = "<group>"; };
		FAEAC8AE1E8FCF7400E38654 /* DropboxSDK.framework */ = {isa = PBXFileReference; lastKnownFileType = wrapper.framework; path = DropboxSDK.framework; sourceTree = "<group>"; };
		FAEAC8B21E8FD39B00E38654 /* DropBoxUtils.h */ = {isa = PBXFileReference; fileEncoding = 4; lastKnownFileType = sourcecode.c.h; path = DropBoxUtils.h; sourceTree = "<group>"; };
		FAEAC8B31E8FD39B00E38654 /* DropBoxUtils.m */ = {isa = PBXFileReference; fileEncoding = 4; lastKnownFileType = sourcecode.c.objc; path = DropBoxUtils.m; sourceTree = "<group>"; };
		FAECCFBC1E96AD78001D4B8F /* ReminderViewController.h */ = {isa = PBXFileReference; fileEncoding = 4; lastKnownFileType = sourcecode.c.h; path = ReminderViewController.h; sourceTree = "<group>"; };
		FAECCFBD1E96AD78001D4B8F /* ReminderViewController.m */ = {isa = PBXFileReference; fileEncoding = 4; lastKnownFileType = sourcecode.c.objc; path = ReminderViewController.m; sourceTree = "<group>"; };
		FAECCFBE1E96AD78001D4B8F /* ReminderViewController.xib */ = {isa = PBXFileReference; fileEncoding = 4; lastKnownFileType = file.xib; path = ReminderViewController.xib; sourceTree = "<group>"; };
		FAECCFC11E96B1C0001D4B8F /* AppDelegate+Notifications.h */ = {isa = PBXFileReference; fileEncoding = 4; lastKnownFileType = sourcecode.c.h; path = "AppDelegate+Notifications.h"; sourceTree = "<group>"; };
		FAECCFC21E96B1C0001D4B8F /* AppDelegate+Notifications.m */ = {isa = PBXFileReference; fileEncoding = 4; lastKnownFileType = sourcecode.c.objc; path = "AppDelegate+Notifications.m"; sourceTree = "<group>"; };
		FAECCFC61E96C5D5001D4B8F /* MenuImages.plist */ = {isa = PBXFileReference; fileEncoding = 4; lastKnownFileType = text.plist.xml; path = MenuImages.plist; sourceTree = "<group>"; };
		FAECCFC91E96C6AA001D4B8F /* MenuContent.plist */ = {isa = PBXFileReference; fileEncoding = 4; lastKnownFileType = text.plist.xml; path = MenuContent.plist; sourceTree = "<group>"; };
		FAECCFCC1E96E232001D4B8F /* ReorderWalletsViewController.h */ = {isa = PBXFileReference; fileEncoding = 4; lastKnownFileType = sourcecode.c.h; path = ReorderWalletsViewController.h; sourceTree = "<group>"; };
		FAECCFCD1E96E232001D4B8F /* ReorderWalletsViewController.m */ = {isa = PBXFileReference; fileEncoding = 4; lastKnownFileType = sourcecode.c.objc; path = ReorderWalletsViewController.m; sourceTree = "<group>"; };
		FAECCFD01E96E267001D4B8F /* WalletTableViewCell.h */ = {isa = PBXFileReference; fileEncoding = 4; lastKnownFileType = sourcecode.c.h; path = WalletTableViewCell.h; sourceTree = "<group>"; };
		FAECCFD11E96E267001D4B8F /* WalletTableViewCell.m */ = {isa = PBXFileReference; fileEncoding = 4; lastKnownFileType = sourcecode.c.objc; path = WalletTableViewCell.m; sourceTree = "<group>"; };
		FAECCFD21E96E267001D4B8F /* WalletTableViewCell.xib */ = {isa = PBXFileReference; fileEncoding = 4; lastKnownFileType = file.xib; path = WalletTableViewCell.xib; sourceTree = "<group>"; };
		FAFF39F81E88414600524084 /* SelectedWalletViewController.h */ = {isa = PBXFileReference; fileEncoding = 4; lastKnownFileType = sourcecode.c.h; path = SelectedWalletViewController.h; sourceTree = "<group>"; };
		FAFF39F91E88414600524084 /* SelectedWalletViewController.m */ = {isa = PBXFileReference; fileEncoding = 4; lastKnownFileType = sourcecode.c.objc; path = SelectedWalletViewController.m; sourceTree = "<group>"; };
		FAFF39FB1E88415400524084 /* TransactionViewController.h */ = {isa = PBXFileReference; fileEncoding = 4; lastKnownFileType = sourcecode.c.h; path = TransactionViewController.h; sourceTree = "<group>"; };
		FAFF39FC1E88415400524084 /* TransactionViewController.m */ = {isa = PBXFileReference; fileEncoding = 4; lastKnownFileType = sourcecode.c.objc; path = TransactionViewController.m; sourceTree = "<group>"; };
		FAFF39FE1E8858D500524084 /* SelectedWalletViewController+UI.h */ = {isa = PBXFileReference; fileEncoding = 4; lastKnownFileType = sourcecode.c.h; path = "SelectedWalletViewController+UI.h"; sourceTree = "<group>"; };
		FAFF39FF1E8858D500524084 /* SelectedWalletViewController+UI.m */ = {isa = PBXFileReference; fileEncoding = 4; lastKnownFileType = sourcecode.c.objc; path = "SelectedWalletViewController+UI.m"; sourceTree = "<group>"; };
/* End PBXFileReference section */

/* Begin PBXFrameworksBuildPhase section */
		8402D1611E61F6C600968EA2 /* Frameworks */ = {
			isa = PBXFrameworksBuildPhase;
			buildActionMask = 2147483647;
			files = (
				FAEAC8AF1E8FCF7400E38654 /* DropboxSDK.framework in Frameworks */,
				FA9CDBD71E9031A600BA2992 /* MapKit.framework in Frameworks */,
				CC632467DCA99E63795C5D67 /* libPods-iMoney.a in Frameworks */,
			);
			runOnlyForDeploymentPostprocessing = 0;
		};
/* End PBXFrameworksBuildPhase section */

/* Begin PBXGroup section */
		4E8A75AEE0F221F971457C3A /* Frameworks */ = {
			isa = PBXGroup;
			children = (
				FA9CDBD61E9031A600BA2992 /* MapKit.framework */,
				FAEAC8AE1E8FCF7400E38654 /* DropboxSDK.framework */,
				11C586DD88F1E8E3AB5C9D4B /* libPods-iMoney.a */,
			);
			name = Frameworks;
			sourceTree = "<group>";
		};
		8402D15B1E61F6C600968EA2 = {
			isa = PBXGroup;
			children = (
				8402D1661E61F6C600968EA2 /* iMoney */,
				8402D1651E61F6C600968EA2 /* Products */,
				D30209C54F6061ED4D66178B /* Pods */,
				4E8A75AEE0F221F971457C3A /* Frameworks */,
			);
			sourceTree = "<group>";
		};
		8402D1651E61F6C600968EA2 /* Products */ = {
			isa = PBXGroup;
			children = (
				8402D1641E61F6C600968EA2 /* iMoney.app */,
			);
			name = Products;
			sourceTree = "<group>";
		};
		8402D1661E61F6C600968EA2 /* iMoney */ = {
			isa = PBXGroup;
			children = (
				FA03307B1E7D73C200BB8DBA /* iMoney.entitlements */,
				84D92FBD1E61F88D00F823DD /* AppDelegate */,
				84D92FC11E61F9D000F823DD /* Database */,
				FAEAC8B01E8FD37600E38654 /* Networking */,
				FA0330901E7D7F7C00BB8DBA /* ViewControllers */,
				FA03307C1E7D759500BB8DBA /* Utils */,
				FA9693241E87320300F86873 /* Categories */,
				FA03307D1E7D75C400BB8DBA /* SupportingFiles */,
				FAE1017F1E7DD182003525DF /* ThirdPartyLibs */,
				8402D1701E61F6C600968EA2 /* Main.storyboard */,
				8402D1781E61F6C600968EA2 /* LaunchScreen.storyboard */,
				8402D1761E61F6C600968EA2 /* Assets.xcassets */,
				FA0330811E7D75EB00BB8DBA /* PrefixHeader.pch */,
				8402D17B1E61F6C600968EA2 /* Info.plist */,
			);
			path = iMoney;
			sourceTree = "<group>";
		};
		84D92FBD1E61F88D00F823DD /* AppDelegate */ = {
			isa = PBXGroup;
			children = (
				84D92FBE1E61F88D00F823DD /* AppDelegate.h */,
				84D92FBF1E61F88D00F823DD /* AppDelegate.m */,
				FAECCFC11E96B1C0001D4B8F /* AppDelegate+Notifications.h */,
				FAECCFC21E96B1C0001D4B8F /* AppDelegate+Notifications.m */,
			);
			path = AppDelegate;
			sourceTree = "<group>";
		};
		84D92FC11E61F9D000F823DD /* Database */ = {
			isa = PBXGroup;
			children = (
				84D92FCB1E61FB9800F823DD /* iMoney.xcdatamodeld */,
				FA5540161E7E995900A4C773 /* DatabaseSyncManager */,
				84D92FC21E61F9D000F823DD /* CoreDataAccessLayer */,
				84D92FC51E61F9D000F823DD /* DAO */,
				FA0330851E7D794C00BB8DBA /* DatabaseEntities */,
			);
			path = Database;
			sourceTree = "<group>";
		};
		84D92FC21E61F9D000F823DD /* CoreDataAccessLayer */ = {
			isa = PBXGroup;
			children = (
				84D92FC31E61F9D000F823DD /* CoreDataAccessLayer.h */,
				84D92FC41E61F9D000F823DD /* CoreDataAccessLayer.m */,
			);
			path = CoreDataAccessLayer;
			sourceTree = "<group>";
		};
		84D92FC51E61F9D000F823DD /* DAO */ = {
			isa = PBXGroup;
			children = (
				FA0ACEEF1E87EAEE000A42EE /* CoreDataInsertManager.h */,
				FA0ACEF01E87EAEE000A42EE /* CoreDataInsertManager.m */,
				84D92FC61E61F9D000F823DD /* CoreDataRequestManager.h */,
				84D92FC71E61F9D000F823DD /* CoreDataRequestManager.m */,
			);
			path = DAO;
			sourceTree = "<group>";
		};
		D30209C54F6061ED4D66178B /* Pods */ = {
			isa = PBXGroup;
			children = (
				154A945D88A862DD47CAD59F /* Pods-iMoney.debug.xcconfig */,
				B7AAAB9D4BE802D71A22FB00 /* Pods-iMoney.release.xcconfig */,
			);
			name = Pods;
			sourceTree = "<group>";
		};
		FA03307C1E7D759500BB8DBA /* Utils */ = {
			isa = PBXGroup;
			children = (
				FA0330941E7D7F9F00BB8DBA /* iMoneyUtils.h */,
				FA0330951E7D7F9F00BB8DBA /* iMoneyUtils.m */,
			);
			path = Utils;
			sourceTree = "<group>";
		};
		FA03307D1E7D75C400BB8DBA /* SupportingFiles */ = {
			isa = PBXGroup;
			children = (
				FAA838671E86E34A005BFADF /* Enums.h */,
				FA0330821E7D786800BB8DBA /* ApplicationConstants.h */,
				FA0330831E7D786800BB8DBA /* ApplicationConstants.m */,
				FA03307E1E7D75C400BB8DBA /* main.m */,
			);
			path = SupportingFiles;
			sourceTree = "<group>";
		};
		FA0330851E7D794C00BB8DBA /* DatabaseEntities */ = {
			isa = PBXGroup;
			children = (
				FAB3F4751E8B151100A1A2EF /* Transaction+CoreDataClass.h */,
				FAB3F4761E8B151100A1A2EF /* Transaction+CoreDataClass.m */,
				FAB3F4771E8B151100A1A2EF /* Transaction+CoreDataProperties.h */,
				FAB3F4781E8B151100A1A2EF /* Transaction+CoreDataProperties.m */,
				FAB3F4791E8B151100A1A2EF /* Wallet+CoreDataClass.h */,
				FAB3F47A1E8B151100A1A2EF /* Wallet+CoreDataClass.m */,
				FAB3F47B1E8B151100A1A2EF /* Wallet+CoreDataProperties.h */,
				FAB3F47C1E8B151100A1A2EF /* Wallet+CoreDataProperties.m */,
			);
			path = DatabaseEntities;
			sourceTree = "<group>";
		};
		FA0330901E7D7F7C00BB8DBA /* ViewControllers */ = {
			isa = PBXGroup;
			children = (
				FAE43DC41E847A7600C90817 /* CustomTabBarController */,
				FAE101741E7DC88F003525DF /* MenuViewController */,
				FAE1017B1E7DC9B6003525DF /* MainViewController */,
				FAA838601E86E1ED005BFADF /* AddEditWalletViewController */,
				FAECCFCB1E96E220001D4B8F /* ReorderWalletsViewController */,
				FAFF39F61E88412F00524084 /* SelectedWalletViewController */,
				FAFF39F71E88412F00524084 /* TransactionViewController */,
				FAECCFBB1E96AD78001D4B8F /* ReminderViewController */,
			);
			path = ViewControllers;
			sourceTree = "<group>";
		};
		FA0ACEE91E87D54C000A42EE /* CurrencyTableViewCell */ = {
			isa = PBXGroup;
			children = (
				FA0ACEEA1E87D55D000A42EE /* CurrencyTableViewCell.h */,
				FA0ACEEB1E87D55D000A42EE /* CurrencyTableViewCell.m */,
				FA0ACEEC1E87D55D000A42EE /* CurrencyTableViewCell.xib */,
			);
			path = CurrencyTableViewCell;
			sourceTree = "<group>";
		};
		FA3C73301E845B60000E261F /* MainWalletCollectionViewCell */ = {
			isa = PBXGroup;
			children = (
				FA3C73341E845B90000E261F /* MainWalletCollectionViewCell.h */,
				FA3C73351E845B90000E261F /* MainWalletCollectionViewCell.m */,
				FA3C73361E845B90000E261F /* MainWalletCollectionViewCell.xib */,
			);
			path = MainWalletCollectionViewCell;
			sourceTree = "<group>";
		};
		FA5540161E7E995900A4C773 /* DatabaseSyncManager */ = {
			isa = PBXGroup;
			children = (
				FA5540171E7E995900A4C773 /* DatabaseSyncManager.h */,
				FA5540181E7E995900A4C773 /* DatabaseSyncManager.m */,
			);
			path = DatabaseSyncManager;
			sourceTree = "<group>";
		};
		FA745CB91E94201E0035BB58 /* UserImagesCollectionViewCell */ = {
			isa = PBXGroup;
			children = (
				FA745CBA1E94201E0035BB58 /* UserImagesCollectionViewCell.h */,
				FA745CBB1E94201E0035BB58 /* UserImagesCollectionViewCell.m */,
				FA745CBC1E94201E0035BB58 /* UserImagesCollectionViewCell.xib */,
			);
			path = UserImagesCollectionViewCell;
			sourceTree = "<group>";
		};
		FA9693201E872A4D00F86873 /* ColorPickerViewController */ = {
			isa = PBXGroup;
			children = (
				FA9693211E872A6A00F86873 /* ColorPickerViewController.h */,
				FA9693221E872A6A00F86873 /* ColorPickerViewController.m */,
			);
			path = ColorPickerViewController;
			sourceTree = "<group>";
		};
		FA9693241E87320300F86873 /* Categories */ = {
			isa = PBXGroup;
			children = (
				FA9693251E87324100F86873 /* UIColor+CoreData.h */,
				FA9693261E87324100F86873 /* UIColor+CoreData.m */,
			);
			path = Categories;
			sourceTree = "<group>";
		};
		FAA838591E86CA41005BFADF /* TransactionTableViewCell */ = {
			isa = PBXGroup;
			children = (
				FAA8385A1E86CA54005BFADF /* TransactionTableViewCell.h */,
				FAA8385B1E86CA54005BFADF /* TransactionTableViewCell.m */,
				FAA8385C1E86CA54005BFADF /* TransactionTableViewCell.xib */,
			);
			path = TransactionTableViewCell;
			sourceTree = "<group>";
		};
		FAA838601E86E1ED005BFADF /* AddEditWalletViewController */ = {
			isa = PBXGroup;
			children = (
				FAA838611E86E1FA005BFADF /* AddEditWalletViewController.h */,
				FAA838621E86E1FA005BFADF /* AddEditWalletViewController.m */,
				FAD2FF541E87CBD3001BB364 /* CurrencyPickerViewController */,
				FA9693201E872A4D00F86873 /* ColorPickerViewController */,
			);
			path = AddEditWalletViewController;
			sourceTree = "<group>";
		};
		FAA838681E870BC9005BFADF /* TPKeyboardAvoiding */ = {
			isa = PBXGroup;
			children = (
				FAA838691E870BC9005BFADF /* TPKeyboardAvoidingCollectionView.h */,
				FAA8386A1E870BC9005BFADF /* TPKeyboardAvoidingCollectionView.m */,
				FAA8386C1E870BC9005BFADF /* TPKeyboardAvoidingScrollView.h */,
				FAA8386D1E870BC9005BFADF /* TPKeyboardAvoidingScrollView.m */,
				FAA8386E1E870BC9005BFADF /* TPKeyboardAvoidingTableView.h */,
				FAA8386F1E870BC9005BFADF /* TPKeyboardAvoidingTableView.m */,
				FAA838701E870BC9005BFADF /* UIScrollView+TPKeyboardAvoidingAdditions.h */,
				FAA838711E870BC9005BFADF /* UIScrollView+TPKeyboardAvoidingAdditions.m */,
			);
			path = TPKeyboardAvoiding;
			sourceTree = "<group>";
		};
		FAAC9F8D1E7DE7860077B160 /* MenuTableViewCell */ = {
			isa = PBXGroup;
			children = (
				FAAC9F8E1E7DE79B0077B160 /* MenuTableViewCell.h */,
				FAAC9F8F1E7DE79B0077B160 /* MenuTableViewCell.m */,
				FAAC9F901E7DE79B0077B160 /* MenuTableViewCell.xib */,
			);
			path = MenuTableViewCell;
			sourceTree = "<group>";
		};
		FAD2FF541E87CBD3001BB364 /* CurrencyPickerViewController */ = {
			isa = PBXGroup;
			children = (
				FA0ACEE71E87D2ED000A42EE /* currency.plist */,
				FA0ACEE91E87D54C000A42EE /* CurrencyTableViewCell */,
				FAD2FF551E87CBF5001BB364 /* CurrencyPickerViewController.h */,
				FAD2FF561E87CBF5001BB364 /* CurrencyPickerViewController.m */,
			);
			path = CurrencyPickerViewController;
			sourceTree = "<group>";
		};
		FADB2E941E88381100319EB6 /* HWViewPager */ = {
			isa = PBXGroup;
			children = (
				FADB2E951E88381100319EB6 /* HWViewPager.h */,
				FADB2E961E88381100319EB6 /* HWViewPager.m */,
			);
			path = HWViewPager;
			sourceTree = "<group>";
		};
		FAE101741E7DC88F003525DF /* MenuViewController */ = {
			isa = PBXGroup;
			children = (
				FAAC9F8D1E7DE7860077B160 /* MenuTableViewCell */,
				FAECCFC61E96C5D5001D4B8F /* MenuImages.plist */,
				FAECCFC91E96C6AA001D4B8F /* MenuContent.plist */,
				FAE101751E7DC8AF003525DF /* MenuViewController.h */,
				FAE101761E7DC8AF003525DF /* MenuViewController.m */,
				FAECCFC41E96C59D001D4B8F /* ViewControllers */,
			);
			path = MenuViewController;
			sourceTree = "<group>";
		};
		FAE1017B1E7DC9B6003525DF /* MainViewController */ = {
			isa = PBXGroup;
			children = (
				FA3C73301E845B60000E261F /* MainWalletCollectionViewCell */,
				FAA838591E86CA41005BFADF /* TransactionTableViewCell */,
				FAE1017C1E7DC9B6003525DF /* MainViewController.h */,
				FAE1017D1E7DC9B6003525DF /* MainViewController.m */,
				FAC10AE21E81D7D900118899 /* MainViewControllerCollectionView.h */,
				FAC10AE31E81D7D900118899 /* MainViewControllerCollectionView.m */,
				FAC10AE51E81D7EC00118899 /* MainViewControllerTablleView.h */,
				FAC10AE61E81D7EC00118899 /* MainViewControllerTablleView.m */,
			);
			path = MainViewController;
			sourceTree = "<group>";
		};
		FAE1017F1E7DD182003525DF /* ThirdPartyLibs */ = {
			isa = PBXGroup;
			children = (
				FADB2E941E88381100319EB6 /* HWViewPager */,
				FAA838681E870BC9005BFADF /* TPKeyboardAvoiding */,
				FAE101801E7DD182003525DF /* SWRevealViewController */,
			);
			path = ThirdPartyLibs;
			sourceTree = "<group>";
		};
		FAE101801E7DD182003525DF /* SWRevealViewController */ = {
			isa = PBXGroup;
			children = (
				FAE101811E7DD182003525DF /* SWRevealViewController.h */,
				FAE101821E7DD182003525DF /* SWRevealViewController.m */,
			);
			path = SWRevealViewController;
			sourceTree = "<group>";
		};
		FAE43DC41E847A7600C90817 /* CustomTabBarController */ = {
			isa = PBXGroup;
			children = (
				FAE43DC51E847A7600C90817 /* CustomTabBarController.h */,
				FAE43DC61E847A7600C90817 /* CustomTabBarController.m */,
			);
			path = CustomTabBarController;
			sourceTree = "<group>";
		};
		FAEAC8B01E8FD37600E38654 /* Networking */ = {
			isa = PBXGroup;
			children = (
				FAEAC8B11E8FD37600E38654 /* DropBoxManager */,
			);
			path = Networking;
			sourceTree = "<group>";
		};
		FAEAC8B11E8FD37600E38654 /* DropBoxManager */ = {
			isa = PBXGroup;
			children = (
				FAEAC8B21E8FD39B00E38654 /* DropBoxUtils.h */,
				FAEAC8B31E8FD39B00E38654 /* DropBoxUtils.m */,
			);
			path = DropBoxManager;
			sourceTree = "<group>";
		};
		FAECCFBB1E96AD78001D4B8F /* ReminderViewController */ = {
			isa = PBXGroup;
			children = (
				FAECCFBC1E96AD78001D4B8F /* ReminderViewController.h */,
				FAECCFBD1E96AD78001D4B8F /* ReminderViewController.m */,
				FAECCFBE1E96AD78001D4B8F /* ReminderViewController.xib */,
			);
			path = ReminderViewController;
			sourceTree = "<group>";
		};
		FAECCFC41E96C59D001D4B8F /* ViewControllers */ = {
			isa = PBXGroup;
			children = (
			);
			path = ViewControllers;
			sourceTree = "<group>";
		};
		FAECCFCB1E96E220001D4B8F /* ReorderWalletsViewController */ = {
			isa = PBXGroup;
			children = (
				FAECCFCF1E96E250001D4B8F /* WalletTableViewCell */,
				FAECCFCC1E96E232001D4B8F /* ReorderWalletsViewController.h */,
				FAECCFCD1E96E232001D4B8F /* ReorderWalletsViewController.m */,
			);
			path = ReorderWalletsViewController;
			sourceTree = "<group>";
		};
		FAECCFCF1E96E250001D4B8F /* WalletTableViewCell */ = {
			isa = PBXGroup;
			children = (
				FAECCFD01E96E267001D4B8F /* WalletTableViewCell.h */,
				FAECCFD11E96E267001D4B8F /* WalletTableViewCell.m */,
				FAECCFD21E96E267001D4B8F /* WalletTableViewCell.xib */,
			);
			path = WalletTableViewCell;
			sourceTree = "<group>";
		};
		FAFF39F61E88412F00524084 /* SelectedWalletViewController */ = {
			isa = PBXGroup;
			children = (
				FAFF39F81E88414600524084 /* SelectedWalletViewController.h */,
				FAFF39F91E88414600524084 /* SelectedWalletViewController.m */,
				FAFF39FE1E8858D500524084 /* SelectedWalletViewController+UI.h */,
				FAFF39FF1E8858D500524084 /* SelectedWalletViewController+UI.m */,
			);
			path = SelectedWalletViewController;
			sourceTree = "<group>";
		};
		FAFF39F71E88412F00524084 /* TransactionViewController */ = {
			isa = PBXGroup;
			children = (
				FA745CB91E94201E0035BB58 /* UserImagesCollectionViewCell */,
				FAFF39FB1E88415400524084 /* TransactionViewController.h */,
				FAFF39FC1E88415400524084 /* TransactionViewController.m */,
				FACCD6241E92CFF200C8E698 /* TransactionViewController+DataSource.h */,
				FACCD6251E92CFF200C8E698 /* TransactionViewController+DataSource.m */,
			);
			path = TransactionViewController;
			sourceTree = "<group>";
		};
/* End PBXGroup section */

/* Begin PBXNativeTarget section */
		8402D1631E61F6C600968EA2 /* iMoney */ = {
			isa = PBXNativeTarget;
			buildConfigurationList = 8402D17E1E61F6C600968EA2 /* Build configuration list for PBXNativeTarget "iMoney" */;
			buildPhases = (
				117B43BE3FB4C9ACF5DACE69 /* [CP] Check Pods Manifest.lock */,
				8402D1601E61F6C600968EA2 /* Sources */,
				8402D1611E61F6C600968EA2 /* Frameworks */,
				8402D1621E61F6C600968EA2 /* Resources */,
				2C2D1B605B9E101AB6E7BF3F /* [CP] Embed Pods Frameworks */,
				7AE7005D4213E4C6677A8EDC /* [CP] Copy Pods Resources */,
			);
			buildRules = (
			);
			dependencies = (
			);
			name = iMoney;
			productName = iMoney;
			productReference = 8402D1641E61F6C600968EA2 /* iMoney.app */;
			productType = "com.apple.product-type.application";
		};
/* End PBXNativeTarget section */

/* Begin PBXProject section */
		8402D15C1E61F6C600968EA2 /* Project object */ = {
			isa = PBXProject;
			attributes = {
				LastUpgradeCheck = 0820;
				ORGANIZATIONNAME = "Ana Rotari";
				TargetAttributes = {
					8402D1631E61F6C600968EA2 = {
						CreatedOnToolsVersion = 8.2.1;
						DevelopmentTeam = 87MSJM99B6;
						ProvisioningStyle = Automatic;
						SystemCapabilities = {
							com.apple.Maps.iOS = {
								enabled = 0;
							};
							com.apple.iCloud = {
								enabled = 1;
							};
						};
					};
				};
			};
			buildConfigurationList = 8402D15F1E61F6C600968EA2 /* Build configuration list for PBXProject "iMoney" */;
			compatibilityVersion = "Xcode 3.2";
			developmentRegion = English;
			hasScannedForEncodings = 0;
			knownRegions = (
				en,
				Base,
			);
			mainGroup = 8402D15B1E61F6C600968EA2;
			productRefGroup = 8402D1651E61F6C600968EA2 /* Products */;
			projectDirPath = "";
			projectRoot = "";
			targets = (
				8402D1631E61F6C600968EA2 /* iMoney */,
			);
		};
/* End PBXProject section */

/* Begin PBXResourcesBuildPhase section */
		8402D1621E61F6C600968EA2 /* Resources */ = {
			isa = PBXResourcesBuildPhase;
			buildActionMask = 2147483647;
			files = (
				FAECCFD41E96E267001D4B8F /* WalletTableViewCell.xib in Resources */,
				FAECCFC81E96C5D5001D4B8F /* MenuImages.plist in Resources */,
				8402D17A1E61F6C600968EA2 /* LaunchScreen.storyboard in Resources */,
				FA0ACEE81E87D2ED000A42EE /* currency.plist in Resources */,
				FA3C73381E845B90000E261F /* MainWalletCollectionViewCell.xib in Resources */,
				FAECCFC01E96AD78001D4B8F /* ReminderViewController.xib in Resources */,
				8402D1771E61F6C600968EA2 /* Assets.xcassets in Resources */,
				FA0ACEEE1E87D55D000A42EE /* CurrencyTableViewCell.xib in Resources */,
				FAECCFCA1E96C6AA001D4B8F /* MenuContent.plist in Resources */,
				FA745CBE1E94201E0035BB58 /* UserImagesCollectionViewCell.xib in Resources */,
				FAA8385E1E86CA54005BFADF /* TransactionTableViewCell.xib in Resources */,
				FAAC9F921E7DE79B0077B160 /* MenuTableViewCell.xib in Resources */,
				8402D1721E61F6C600968EA2 /* Main.storyboard in Resources */,
			);
			runOnlyForDeploymentPostprocessing = 0;
		};
/* End PBXResourcesBuildPhase section */

/* Begin PBXShellScriptBuildPhase section */
		117B43BE3FB4C9ACF5DACE69 /* [CP] Check Pods Manifest.lock */ = {
			isa = PBXShellScriptBuildPhase;
			buildActionMask = 2147483647;
			files = (
			);
			inputPaths = (
			);
			name = "[CP] Check Pods Manifest.lock";
			outputPaths = (
			);
			runOnlyForDeploymentPostprocessing = 0;
			shellPath = /bin/sh;
			shellScript = "diff \"${PODS_ROOT}/../Podfile.lock\" \"${PODS_ROOT}/Manifest.lock\" > /dev/null\nif [ $? != 0 ] ; then\n    # print error to STDERR\n    echo \"error: The sandbox is not in sync with the Podfile.lock. Run 'pod install' or update your CocoaPods installation.\" >&2\n    exit 1\nfi\n";
			showEnvVarsInLog = 0;
		};
		2C2D1B605B9E101AB6E7BF3F /* [CP] Embed Pods Frameworks */ = {
			isa = PBXShellScriptBuildPhase;
			buildActionMask = 2147483647;
			files = (
			);
			inputPaths = (
			);
			name = "[CP] Embed Pods Frameworks";
			outputPaths = (
			);
			runOnlyForDeploymentPostprocessing = 0;
			shellPath = /bin/sh;
			shellScript = "\"${SRCROOT}/Pods/Target Support Files/Pods-iMoney/Pods-iMoney-frameworks.sh\"\n";
			showEnvVarsInLog = 0;
		};
		7AE7005D4213E4C6677A8EDC /* [CP] Copy Pods Resources */ = {
			isa = PBXShellScriptBuildPhase;
			buildActionMask = 2147483647;
			files = (
			);
			inputPaths = (
			);
			name = "[CP] Copy Pods Resources";
			outputPaths = (
			);
			runOnlyForDeploymentPostprocessing = 0;
			shellPath = /bin/sh;
			shellScript = "\"${SRCROOT}/Pods/Target Support Files/Pods-iMoney/Pods-iMoney-resources.sh\"\n";
			showEnvVarsInLog = 0;
		};
/* End PBXShellScriptBuildPhase section */

/* Begin PBXSourcesBuildPhase section */
		8402D1601E61F6C600968EA2 /* Sources */ = {
			isa = PBXSourcesBuildPhase;
			buildActionMask = 2147483647;
			files = (
				FAECCFCE1E96E232001D4B8F /* ReorderWalletsViewController.m in Sources */,
				FAB3F47D1E8B151100A1A2EF /* Transaction+CoreDataClass.m in Sources */,
				FADB2E971E88381100319EB6 /* HWViewPager.m in Sources */,
				FA0330841E7D786800BB8DBA /* ApplicationConstants.m in Sources */,
				FA0ACEF11E87EAEE000A42EE /* CoreDataInsertManager.m in Sources */,
				FAD2FF571E87CBF5001BB364 /* CurrencyPickerViewController.m in Sources */,
				FA0330801E7D75C400BB8DBA /* main.m in Sources */,
				FAE43DC71E847A7600C90817 /* CustomTabBarController.m in Sources */,
				FAECCFC31E96B1C0001D4B8F /* AppDelegate+Notifications.m in Sources */,
				FA745CBD1E94201E0035BB58 /* UserImagesCollectionViewCell.m in Sources */,
				FAA838751E870BC9005BFADF /* UIScrollView+TPKeyboardAvoidingAdditions.m in Sources */,
				FAA838721E870BC9005BFADF /* TPKeyboardAvoidingCollectionView.m in Sources */,
				FAFF39FA1E88414600524084 /* SelectedWalletViewController.m in Sources */,
				FA5540191E7E995900A4C773 /* DatabaseSyncManager.m in Sources */,
				84D92FCD1E61FB9800F823DD /* iMoney.xcdatamodeld in Sources */,
				FAEAC8B41E8FD39B00E38654 /* DropBoxUtils.m in Sources */,
				FAB3F4801E8B151100A1A2EF /* Wallet+CoreDataProperties.m in Sources */,
				FAB3F47F1E8B151100A1A2EF /* Wallet+CoreDataClass.m in Sources */,
				FA3C73371E845B90000E261F /* MainWalletCollectionViewCell.m in Sources */,
				84D92FCA1E61F9D000F823DD /* CoreDataRequestManager.m in Sources */,
				FA9693271E87324100F86873 /* UIColor+CoreData.m in Sources */,
				FAA838741E870BC9005BFADF /* TPKeyboardAvoidingTableView.m in Sources */,
				FAA838631E86E1FA005BFADF /* AddEditWalletViewController.m in Sources */,
				FA0ACEED1E87D55D000A42EE /* CurrencyTableViewCell.m in Sources */,
				FAFF3A001E8858D500524084 /* SelectedWalletViewController+UI.m in Sources */,
				FAECCFBF1E96AD78001D4B8F /* ReminderViewController.m in Sources */,
				FAB3F47E1E8B151100A1A2EF /* Transaction+CoreDataProperties.m in Sources */,
				FAE101771E7DC8AF003525DF /* MenuViewController.m in Sources */,
				FAA8385D1E86CA54005BFADF /* TransactionTableViewCell.m in Sources */,
				84D92FC91E61F9D000F823DD /* CoreDataAccessLayer.m in Sources */,
				FAC10AE41E81D7D900118899 /* MainViewControllerCollectionView.m in Sources */,
				FAAC9F911E7DE79B0077B160 /* MenuTableViewCell.m in Sources */,
				FACCD6261E92CFF200C8E698 /* TransactionViewController+DataSource.m in Sources */,
				FAE101831E7DD182003525DF /* SWRevealViewController.m in Sources */,
				FA9693231E872A6A00F86873 /* ColorPickerViewController.m in Sources */,
				FAC10AE71E81D7EC00118899 /* MainViewControllerTablleView.m in Sources */,
				FAFF39FD1E88415400524084 /* TransactionViewController.m in Sources */,
				FA0330961E7D7F9F00BB8DBA /* iMoneyUtils.m in Sources */,
				FAECCFD31E96E267001D4B8F /* WalletTableViewCell.m in Sources */,
				84D92FC01E61F88D00F823DD /* AppDelegate.m in Sources */,
				FAA838731E870BC9005BFADF /* TPKeyboardAvoidingScrollView.m in Sources */,
				FAE1017E1E7DC9B6003525DF /* MainViewController.m in Sources */,
			);
			runOnlyForDeploymentPostprocessing = 0;
		};
/* End PBXSourcesBuildPhase section */

/* Begin PBXVariantGroup section */
		8402D1701E61F6C600968EA2 /* Main.storyboard */ = {
			isa = PBXVariantGroup;
			children = (
				8402D1711E61F6C600968EA2 /* Base */,
			);
			name = Main.storyboard;
			sourceTree = "<group>";
		};
		8402D1781E61F6C600968EA2 /* LaunchScreen.storyboard */ = {
			isa = PBXVariantGroup;
			children = (
				8402D1791E61F6C600968EA2 /* Base */,
			);
			name = LaunchScreen.storyboard;
			sourceTree = "<group>";
		};
/* End PBXVariantGroup section */

/* Begin XCBuildConfiguration section */
		8402D17C1E61F6C600968EA2 /* Debug */ = {
			isa = XCBuildConfiguration;
			buildSettings = {
				ALWAYS_SEARCH_USER_PATHS = NO;
				CLANG_ANALYZER_NONNULL = YES;
				CLANG_CXX_LANGUAGE_STANDARD = "gnu++0x";
				CLANG_CXX_LIBRARY = "libc++";
				CLANG_ENABLE_MODULES = YES;
				CLANG_ENABLE_OBJC_ARC = YES;
				CLANG_WARN_BOOL_CONVERSION = YES;
				CLANG_WARN_CONSTANT_CONVERSION = YES;
				CLANG_WARN_DIRECT_OBJC_ISA_USAGE = YES_ERROR;
				CLANG_WARN_DOCUMENTATION_COMMENTS = YES;
				CLANG_WARN_EMPTY_BODY = YES;
				CLANG_WARN_ENUM_CONVERSION = YES;
				CLANG_WARN_INFINITE_RECURSION = YES;
				CLANG_WARN_INT_CONVERSION = YES;
				CLANG_WARN_OBJC_ROOT_CLASS = YES_ERROR;
				CLANG_WARN_SUSPICIOUS_MOVE = YES;
				CLANG_WARN_UNREACHABLE_CODE = YES;
				CLANG_WARN__DUPLICATE_METHOD_MATCH = YES;
				"CODE_SIGN_IDENTITY[sdk=iphoneos*]" = "iPhone Developer";
				COPY_PHASE_STRIP = NO;
				DEBUG_INFORMATION_FORMAT = dwarf;
				ENABLE_STRICT_OBJC_MSGSEND = YES;
				ENABLE_TESTABILITY = YES;
				GCC_C_LANGUAGE_STANDARD = gnu99;
				GCC_DYNAMIC_NO_PIC = NO;
				GCC_NO_COMMON_BLOCKS = YES;
				GCC_OPTIMIZATION_LEVEL = 0;
				GCC_PREPROCESSOR_DEFINITIONS = (
					"DEBUG=1",
					"$(inherited)",
				);
				GCC_WARN_64_TO_32_BIT_CONVERSION = YES;
				GCC_WARN_ABOUT_RETURN_TYPE = YES_ERROR;
				GCC_WARN_UNDECLARED_SELECTOR = YES;
				GCC_WARN_UNINITIALIZED_AUTOS = YES_AGGRESSIVE;
				GCC_WARN_UNUSED_FUNCTION = YES;
				GCC_WARN_UNUSED_VARIABLE = YES;
				IPHONEOS_DEPLOYMENT_TARGET = 10.2;
				MTL_ENABLE_DEBUG_INFO = YES;
				ONLY_ACTIVE_ARCH = YES;
				SDKROOT = iphoneos;
				TARGETED_DEVICE_FAMILY = "1,2";
			};
			name = Debug;
		};
		8402D17D1E61F6C600968EA2 /* Release */ = {
			isa = XCBuildConfiguration;
			buildSettings = {
				ALWAYS_SEARCH_USER_PATHS = NO;
				CLANG_ANALYZER_NONNULL = YES;
				CLANG_CXX_LANGUAGE_STANDARD = "gnu++0x";
				CLANG_CXX_LIBRARY = "libc++";
				CLANG_ENABLE_MODULES = YES;
				CLANG_ENABLE_OBJC_ARC = YES;
				CLANG_WARN_BOOL_CONVERSION = YES;
				CLANG_WARN_CONSTANT_CONVERSION = YES;
				CLANG_WARN_DIRECT_OBJC_ISA_USAGE = YES_ERROR;
				CLANG_WARN_DOCUMENTATION_COMMENTS = YES;
				CLANG_WARN_EMPTY_BODY = YES;
				CLANG_WARN_ENUM_CONVERSION = YES;
				CLANG_WARN_INFINITE_RECURSION = YES;
				CLANG_WARN_INT_CONVERSION = YES;
				CLANG_WARN_OBJC_ROOT_CLASS = YES_ERROR;
				CLANG_WARN_SUSPICIOUS_MOVE = YES;
				CLANG_WARN_UNREACHABLE_CODE = YES;
				CLANG_WARN__DUPLICATE_METHOD_MATCH = YES;
				"CODE_SIGN_IDENTITY[sdk=iphoneos*]" = "iPhone Developer";
				COPY_PHASE_STRIP = NO;
				DEBUG_INFORMATION_FORMAT = "dwarf-with-dsym";
				ENABLE_NS_ASSERTIONS = NO;
				ENABLE_STRICT_OBJC_MSGSEND = YES;
				GCC_C_LANGUAGE_STANDARD = gnu99;
				GCC_NO_COMMON_BLOCKS = YES;
				GCC_WARN_64_TO_32_BIT_CONVERSION = YES;
				GCC_WARN_ABOUT_RETURN_TYPE = YES_ERROR;
				GCC_WARN_UNDECLARED_SELECTOR = YES;
				GCC_WARN_UNINITIALIZED_AUTOS = YES_AGGRESSIVE;
				GCC_WARN_UNUSED_FUNCTION = YES;
				GCC_WARN_UNUSED_VARIABLE = YES;
				IPHONEOS_DEPLOYMENT_TARGET = 10.2;
				MTL_ENABLE_DEBUG_INFO = NO;
				SDKROOT = iphoneos;
				TARGETED_DEVICE_FAMILY = "1,2";
				VALIDATE_PRODUCT = YES;
			};
			name = Release;
		};
		8402D17F1E61F6C600968EA2 /* Debug */ = {
			isa = XCBuildConfiguration;
			baseConfigurationReference = 154A945D88A862DD47CAD59F /* Pods-iMoney.debug.xcconfig */;
			buildSettings = {
				ASSETCATALOG_COMPILER_APPICON_NAME = AppIcon;
				CODE_SIGN_ENTITLEMENTS = iMoney/iMoney.entitlements;
				DEVELOPMENT_TEAM = 87MSJM99B6;
				FRAMEWORK_SEARCH_PATHS = (
					"$(inherited)",
					"$(PROJECT_DIR)",
				);
				GCC_PRECOMPILE_PREFIX_HEADER = YES;
				GCC_PREFIX_HEADER = "$(SRCROOT)/$(PRODUCT_NAME)/PrefixHeader.pch";
				HEADER_SEARCH_PATHS = (
					"$(inherited)",
					"\"${PODS_ROOT}/Headers/Public\"",
					"\"${PODS_ROOT}/Headers/Public/Color-Picker-for-iOS\"",
					"\"${PODS_ROOT}/Headers/Public/LGPlusButtonsView\"",
					"\"$(SRCROOT)\"/**",
				);
				INFOPLIST_FILE = iMoney/Info.plist;
				IPHONEOS_DEPLOYMENT_TARGET = 8.0;
				LD_RUNPATH_SEARCH_PATHS = "$(inherited) @executable_path/Frameworks";
				PRODUCT_BUNDLE_IDENTIFIER = Bananaland.iMoney;
				PRODUCT_NAME = "$(TARGET_NAME)";
				TARGETED_DEVICE_FAMILY = "1,2";
			};
			name = Debug;
		};
		8402D1801E61F6C600968EA2 /* Release */ = {
			isa = XCBuildConfiguration;
			baseConfigurationReference = B7AAAB9D4BE802D71A22FB00 /* Pods-iMoney.release.xcconfig */;
			buildSettings = {
				ASSETCATALOG_COMPILER_APPICON_NAME = AppIcon;
				CODE_SIGN_ENTITLEMENTS = iMoney/iMoney.entitlements;
				DEVELOPMENT_TEAM = 87MSJM99B6;
				FRAMEWORK_SEARCH_PATHS = (
					"$(inherited)",
					"$(PROJECT_DIR)",
				);
				GCC_PRECOMPILE_PREFIX_HEADER = YES;
				GCC_PREFIX_HEADER = "$(SRCROOT)/$(PRODUCT_NAME)/PrefixHeader.pch";
				HEADER_SEARCH_PATHS = (
					"$(inherited)",
					"\"${PODS_ROOT}/Headers/Public\"",
					"\"${PODS_ROOT}/Headers/Public/Color-Picker-for-iOS\"",
					"\"${PODS_ROOT}/Headers/Public/LGPlusButtonsView\"",
					"\"$(SRCROOT)\"/**",
				);
				INFOPLIST_FILE = iMoney/Info.plist;
				IPHONEOS_DEPLOYMENT_TARGET = 8.0;
				LD_RUNPATH_SEARCH_PATHS = "$(inherited) @executable_path/Frameworks";
				PRODUCT_BUNDLE_IDENTIFIER = Bananaland.iMoney;
				PRODUCT_NAME = "$(TARGET_NAME)";
				TARGETED_DEVICE_FAMILY = "1,2";
			};
			name = Release;
		};
/* End XCBuildConfiguration section */

/* Begin XCConfigurationList section */
		8402D15F1E61F6C600968EA2 /* Build configuration list for PBXProject "iMoney" */ = {
			isa = XCConfigurationList;
			buildConfigurations = (
				8402D17C1E61F6C600968EA2 /* Debug */,
				8402D17D1E61F6C600968EA2 /* Release */,
			);
			defaultConfigurationIsVisible = 0;
			defaultConfigurationName = Release;
		};
		8402D17E1E61F6C600968EA2 /* Build configuration list for PBXNativeTarget "iMoney" */ = {
			isa = XCConfigurationList;
			buildConfigurations = (
				8402D17F1E61F6C600968EA2 /* Debug */,
				8402D1801E61F6C600968EA2 /* Release */,
			);
			defaultConfigurationIsVisible = 0;
			defaultConfigurationName = Release;
		};
/* End XCConfigurationList section */

/* Begin XCVersionGroup section */
		84D92FCB1E61FB9800F823DD /* iMoney.xcdatamodeld */ = {
			isa = XCVersionGroup;
			children = (
				84D92FCC1E61FB9800F823DD /* iMoney.xcdatamodel */,
			);
			currentVersion = 84D92FCC1E61FB9800F823DD /* iMoney.xcdatamodel */;
			path = iMoney.xcdatamodeld;
			sourceTree = "<group>";
			versionGroupType = wrapper.xcdatamodel;
		};
/* End XCVersionGroup section */
	};
	rootObject = 8402D15C1E61F6C600968EA2 /* Project object */;
}
