// !$*UTF8*$!
{
	archiveVersion = 1;
	classes = {
	};
	objectVersion = 46;
	objects = {

/* Begin PBXBuildFile section */
		8402D1691E61F6C600968EA2 /* main.m in Sources */ = {isa = PBXBuildFile; fileRef = 8402D1681E61F6C600968EA2 /* main.m */; };
		8402D1721E61F6C600968EA2 /* Main.storyboard in Resources */ = {isa = PBXBuildFile; fileRef = 8402D1701E61F6C600968EA2 /* Main.storyboard */; };
		8402D1771E61F6C600968EA2 /* Assets.xcassets in Resources */ = {isa = PBXBuildFile; fileRef = 8402D1761E61F6C600968EA2 /* Assets.xcassets */; };
		8402D17A1E61F6C600968EA2 /* LaunchScreen.storyboard in Resources */ = {isa = PBXBuildFile; fileRef = 8402D1781E61F6C600968EA2 /* LaunchScreen.storyboard */; };
		84D92FC01E61F88D00F823DD /* AppDelegate.m in Sources */ = {isa = PBXBuildFile; fileRef = 84D92FBF1E61F88D00F823DD /* AppDelegate.m */; };
		84D92FC91E61F9D000F823DD /* CoreDataAccessLayer.m in Sources */ = {isa = PBXBuildFile; fileRef = 84D92FC41E61F9D000F823DD /* CoreDataAccessLayer.m */; };
		84D92FCA1E61F9D000F823DD /* CoreDataRequestManager.m in Sources */ = {isa = PBXBuildFile; fileRef = 84D92FC71E61F9D000F823DD /* CoreDataRequestManager.m */; };
		84D92FCD1E61FB9800F823DD /* iMoney.xcdatamodeld in Sources */ = {isa = PBXBuildFile; fileRef = 84D92FCB1E61FB9800F823DD /* iMoney.xcdatamodeld */; };
		ABDFF3A35DBEC63E527DB9BB /* libPods-iMoney.a in Frameworks */ = {isa = PBXBuildFile; fileRef = 11C586DD88F1E8E3AB5C9D4B /* libPods-iMoney.a */; };
/* End PBXBuildFile section */

/* Begin PBXFileReference section */
		11C586DD88F1E8E3AB5C9D4B /* libPods-iMoney.a */ = {isa = PBXFileReference; explicitFileType = archive.ar; includeInIndex = 0; path = "libPods-iMoney.a"; sourceTree = BUILT_PRODUCTS_DIR; };
		154A945D88A862DD47CAD59F /* Pods-iMoney.debug.xcconfig */ = {isa = PBXFileReference; includeInIndex = 1; lastKnownFileType = text.xcconfig; name = "Pods-iMoney.debug.xcconfig"; path = "Pods/Target Support Files/Pods-iMoney/Pods-iMoney.debug.xcconfig"; sourceTree = "<group>"; };
		8402D1641E61F6C600968EA2 /* iMoney.app */ = {isa = PBXFileReference; explicitFileType = wrapper.application; includeInIndex = 0; path = iMoney.app; sourceTree = BUILT_PRODUCTS_DIR; };
		8402D1681E61F6C600968EA2 /* main.m */ = {isa = PBXFileReference; lastKnownFileType = sourcecode.c.objc; path = main.m; sourceTree = "<group>"; };
		8402D1711E61F6C600968EA2 /* Base */ = {isa = PBXFileReference; lastKnownFileType = file.storyboard; name = Base; path = Base.lproj/Main.storyboard; sourceTree = "<group>"; };
		8402D1761E61F6C600968EA2 /* Assets.xcassets */ = {isa = PBXFileReference; lastKnownFileType = folder.assetcatalog; path = Assets.xcassets; sourceTree = "<group>"; };
		8402D1791E61F6C600968EA2 /* Base */ = {isa = PBXFileReference; lastKnownFileType = file.storyboard; name = Base; path = Base.lproj/LaunchScreen.storyboard; sourceTree = "<group>"; };
		8402D17B1E61F6C600968EA2 /* Info.plist */ = {isa = PBXFileReference; lastKnownFileType = text.plist.xml; path = Info.plist; sourceTree = "<group>"; };
		84D92FBE1E61F88D00F823DD /* AppDelegate.h */ = {isa = PBXFileReference; fileEncoding = 4; lastKnownFileType = sourcecode.c.h; path = AppDelegate.h; sourceTree = "<group>"; };
		84D92FBF1E61F88D00F823DD /* AppDelegate.m */ = {isa = PBXFileReference; fileEncoding = 4; lastKnownFileType = sourcecode.c.objc; path = AppDelegate.m; sourceTree = "<group>"; };
		84D92FC31E61F9D000F823DD /* CoreDataAccessLayer.h */ = {isa = PBXFileReference; fileEncoding = 4; lastKnownFileType = sourcecode.c.h; path = CoreDataAccessLayer.h; sourceTree = "<group>"; };
		84D92FC41E61F9D000F823DD /* CoreDataAccessLayer.m */ = {isa = PBXFileReference; fileEncoding = 4; lastKnownFileType = sourcecode.c.objc; path = CoreDataAccessLayer.m; sourceTree = "<group>"; };
		84D92FC61E61F9D000F823DD /* CoreDataRequestManager.h */ = {isa = PBXFileReference; fileEncoding = 4; lastKnownFileType = sourcecode.c.h; path = CoreDataRequestManager.h; sourceTree = "<group>"; };
		84D92FC71E61F9D000F823DD /* CoreDataRequestManager.m */ = {isa = PBXFileReference; fileEncoding = 4; lastKnownFileType = sourcecode.c.objc; path = CoreDataRequestManager.m; sourceTree = "<group>"; };
		84D92FCC1E61FB9800F823DD /* iMoney.xcdatamodel */ = {isa = PBXFileReference; lastKnownFileType = wrapper.xcdatamodel; path = iMoney.xcdatamodel; sourceTree = "<group>"; };
		84D92FCE1E61FBDF00F823DD /* PrefixHeader.pch */ = {isa = PBXFileReference; lastKnownFileType = sourcecode.c.h; path = PrefixHeader.pch; sourceTree = "<group>"; };
		B7AAAB9D4BE802D71A22FB00 /* Pods-iMoney.release.xcconfig */ = {isa = PBXFileReference; includeInIndex = 1; lastKnownFileType = text.xcconfig; name = "Pods-iMoney.release.xcconfig"; path = "Pods/Target Support Files/Pods-iMoney/Pods-iMoney.release.xcconfig"; sourceTree = "<group>"; };
/* End PBXFileReference section */

/* Begin PBXFrameworksBuildPhase section */
		8402D1611E61F6C600968EA2 /* Frameworks */ = {
			isa = PBXFrameworksBuildPhase;
			buildActionMask = 2147483647;
			files = (
				ABDFF3A35DBEC63E527DB9BB /* libPods-iMoney.a in Frameworks */,
			);
			runOnlyForDeploymentPostprocessing = 0;
		};
/* End PBXFrameworksBuildPhase section */

/* Begin PBXGroup section */
		4E8A75AEE0F221F971457C3A /* Frameworks */ = {
			isa = PBXGroup;
			children = (
				11C586DD88F1E8E3AB5C9D4B /* libPods-iMoney.a */,
			);
			name = Frameworks;
			sourceTree = "<group>";
		};
		8402D15B1E61F6C600968EA2 = {
			isa = PBXGroup;
			children = (
				8402D1661E61F6C600968EA2 /* iMoney */,
				8402D1651E61F6C600968EA2 /* Products */,
				D30209C54F6061ED4D66178B /* Pods */,
				4E8A75AEE0F221F971457C3A /* Frameworks */,
			);
			sourceTree = "<group>";
		};
		8402D1651E61F6C600968EA2 /* Products */ = {
			isa = PBXGroup;
			children = (
				8402D1641E61F6C600968EA2 /* iMoney.app */,
			);
			name = Products;
			sourceTree = "<group>";
		};
		8402D1661E61F6C600968EA2 /* iMoney */ = {
			isa = PBXGroup;
			children = (
				8403CB541E61FD00006C326E /* ViewControllers */,
				84D92FC11E61F9D000F823DD /* Database */,
				84D92FBD1E61F88D00F823DD /* AppDelegate */,
				8402D1701E61F6C600968EA2 /* Main.storyboard */,
				8402D1761E61F6C600968EA2 /* Assets.xcassets */,
				8402D1781E61F6C600968EA2 /* LaunchScreen.storyboard */,
				8402D17B1E61F6C600968EA2 /* Info.plist */,
				8402D1671E61F6C600968EA2 /* Supporting Files */,
				84D92FCE1E61FBDF00F823DD /* PrefixHeader.pch */,
			);
			path = iMoney;
			sourceTree = "<group>";
		};
		8402D1671E61F6C600968EA2 /* Supporting Files */ = {
			isa = PBXGroup;
			children = (
				8402D1681E61F6C600968EA2 /* main.m */,
			);
			name = "Supporting Files";
			sourceTree = "<group>";
		};
		8403CB541E61FD00006C326E /* ViewControllers */ = {
			isa = PBXGroup;
			children = (
			);
			path = ViewControllers;
			sourceTree = "<group>";
		};
		84D92FBD1E61F88D00F823DD /* AppDelegate */ = {
			isa = PBXGroup;
			children = (
				84D92FBE1E61F88D00F823DD /* AppDelegate.h */,
				84D92FBF1E61F88D00F823DD /* AppDelegate.m */,
			);
			path = AppDelegate;
			sourceTree = "<group>";
		};
		84D92FC11E61F9D000F823DD /* Database */ = {
			isa = PBXGroup;
			children = (
				84D92FCB1E61FB9800F823DD /* iMoney.xcdatamodeld */,
				84D92FC21E61F9D000F823DD /* CoreDataAccessLayer */,
				84D92FC51E61F9D000F823DD /* DAO */,
				84D92FC81E61F9D000F823DD /* DatabaseEntities */,
			);
			path = Database;
			sourceTree = "<group>";
		};
		84D92FC21E61F9D000F823DD /* CoreDataAccessLayer */ = {
			isa = PBXGroup;
			children = (
				84D92FC31E61F9D000F823DD /* CoreDataAccessLayer.h */,
				84D92FC41E61F9D000F823DD /* CoreDataAccessLayer.m */,
			);
			path = CoreDataAccessLayer;
			sourceTree = "<group>";
		};
		84D92FC51E61F9D000F823DD /* DAO */ = {
			isa = PBXGroup;
			children = (
				84D92FC61E61F9D000F823DD /* CoreDataRequestManager.h */,
				84D92FC71E61F9D000F823DD /* CoreDataRequestManager.m */,
			);
			path = DAO;
			sourceTree = "<group>";
		};
		84D92FC81E61F9D000F823DD /* DatabaseEntities */ = {
			isa = PBXGroup;
			children = (
			);
			path = DatabaseEntities;
			sourceTree = "<group>";
		};
		D30209C54F6061ED4D66178B /* Pods */ = {
			isa = PBXGroup;
			children = (
				154A945D88A862DD47CAD59F /* Pods-iMoney.debug.xcconfig */,
				B7AAAB9D4BE802D71A22FB00 /* Pods-iMoney.release.xcconfig */,
			);
			name = Pods;
			sourceTree = "<group>";
		};
/* End PBXGroup section */

/* Begin PBXNativeTarget section */
		8402D1631E61F6C600968EA2 /* iMoney */ = {
			isa = PBXNativeTarget;
			buildConfigurationList = 8402D17E1E61F6C600968EA2 /* Build configuration list for PBXNativeTarget "iMoney" */;
			buildPhases = (
				117B43BE3FB4C9ACF5DACE69 /* [CP] Check Pods Manifest.lock */,
				8402D1601E61F6C600968EA2 /* Sources */,
				8402D1611E61F6C600968EA2 /* Frameworks */,
				8402D1621E61F6C600968EA2 /* Resources */,
				2C2D1B605B9E101AB6E7BF3F /* [CP] Embed Pods Frameworks */,
				7AE7005D4213E4C6677A8EDC /* [CP] Copy Pods Resources */,
			);
			buildRules = (
			);
			dependencies = (
			);
			name = iMoney;
			productName = iMoney;
			productReference = 8402D1641E61F6C600968EA2 /* iMoney.app */;
			productType = "com.apple.product-type.application";
		};
/* End PBXNativeTarget section */

/* Begin PBXProject section */
		8402D15C1E61F6C600968EA2 /* Project object */ = {
			isa = PBXProject;
			attributes = {
				LastUpgradeCheck = 0820;
				ORGANIZATIONNAME = "Ana Rotari";
				TargetAttributes = {
					8402D1631E61F6C600968EA2 = {
						CreatedOnToolsVersion = 8.2.1;
						ProvisioningStyle = Automatic;
					};
				};
			};
			buildConfigurationList = 8402D15F1E61F6C600968EA2 /* Build configuration list for PBXProject "iMoney" */;
			compatibilityVersion = "Xcode 3.2";
			developmentRegion = English;
			hasScannedForEncodings = 0;
			knownRegions = (
				en,
				Base,
			);
			mainGroup = 8402D15B1E61F6C600968EA2;
			productRefGroup = 8402D1651E61F6C600968EA2 /* Products */;
			projectDirPath = "";
			projectRoot = "";
			targets = (
				8402D1631E61F6C600968EA2 /* iMoney */,
			);
		};
/* End PBXProject section */

/* Begin PBXResourcesBuildPhase section */
		8402D1621E61F6C600968EA2 /* Resources */ = {
			isa = PBXResourcesBuildPhase;
			buildActionMask = 2147483647;
			files = (
				8402D17A1E61F6C600968EA2 /* LaunchScreen.storyboard in Resources */,
				8402D1771E61F6C600968EA2 /* Assets.xcassets in Resources */,
				8402D1721E61F6C600968EA2 /* Main.storyboard in Resources */,
			);
			runOnlyForDeploymentPostprocessing = 0;
		};
/* End PBXResourcesBuildPhase section */

/* Begin PBXShellScriptBuildPhase section */
		117B43BE3FB4C9ACF5DACE69 /* [CP] Check Pods Manifest.lock */ = {
			isa = PBXShellScriptBuildPhase;
			buildActionMask = 2147483647;
			files = (
			);
			inputPaths = (
			);
			name = "[CP] Check Pods Manifest.lock";
			outputPaths = (
			);
			runOnlyForDeploymentPostprocessing = 0;
			shellPath = /bin/sh;
			shellScript = "diff \"${PODS_ROOT}/../Podfile.lock\" \"${PODS_ROOT}/Manifest.lock\" > /dev/null\nif [ $? != 0 ] ; then\n    # print error to STDERR\n    echo \"error: The sandbox is not in sync with the Podfile.lock. Run 'pod install' or update your CocoaPods installation.\" >&2\n    exit 1\nfi\n";
			showEnvVarsInLog = 0;
		};
		2C2D1B605B9E101AB6E7BF3F /* [CP] Embed Pods Frameworks */ = {
			isa = PBXShellScriptBuildPhase;
			buildActionMask = 2147483647;
			files = (
			);
			inputPaths = (
			);
			name = "[CP] Embed Pods Frameworks";
			outputPaths = (
			);
			runOnlyForDeploymentPostprocessing = 0;
			shellPath = /bin/sh;
			shellScript = "\"${SRCROOT}/Pods/Target Support Files/Pods-iMoney/Pods-iMoney-frameworks.sh\"\n";
			showEnvVarsInLog = 0;
		};
		7AE7005D4213E4C6677A8EDC /* [CP] Copy Pods Resources */ = {
			isa = PBXShellScriptBuildPhase;
			buildActionMask = 2147483647;
			files = (
			);
			inputPaths = (
			);
			name = "[CP] Copy Pods Resources";
			outputPaths = (
			);
			runOnlyForDeploymentPostprocessing = 0;
			shellPath = /bin/sh;
			shellScript = "\"${SRCROOT}/Pods/Target Support Files/Pods-iMoney/Pods-iMoney-resources.sh\"\n";
			showEnvVarsInLog = 0;
		};
/* End PBXShellScriptBuildPhase section */

/* Begin PBXSourcesBuildPhase section */
		8402D1601E61F6C600968EA2 /* Sources */ = {
			isa = PBXSourcesBuildPhase;
			buildActionMask = 2147483647;
			files = (
				84D92FCD1E61FB9800F823DD /* iMoney.xcdatamodeld in Sources */,
				84D92FCA1E61F9D000F823DD /* CoreDataRequestManager.m in Sources */,
				8402D1691E61F6C600968EA2 /* main.m in Sources */,
				84D92FC91E61F9D000F823DD /* CoreDataAccessLayer.m in Sources */,
				84D92FC01E61F88D00F823DD /* AppDelegate.m in Sources */,
			);
			runOnlyForDeploymentPostprocessing = 0;
		};
/* End PBXSourcesBuildPhase section */

/* Begin PBXVariantGroup section */
		8402D1701E61F6C600968EA2 /* Main.storyboard */ = {
			isa = PBXVariantGroup;
			children = (
				8402D1711E61F6C600968EA2 /* Base */,
			);
			name = Main.storyboard;
			sourceTree = "<group>";
		};
		8402D1781E61F6C600968EA2 /* LaunchScreen.storyboard */ = {
			isa = PBXVariantGroup;
			children = (
				8402D1791E61F6C600968EA2 /* Base */,
			);
			name = LaunchScreen.storyboard;
			sourceTree = "<group>";
		};
/* End PBXVariantGroup section */

/* Begin XCBuildConfiguration section */
		8402D17C1E61F6C600968EA2 /* Debug */ = {
			isa = XCBuildConfiguration;
			buildSettings = {
				ALWAYS_SEARCH_USER_PATHS = NO;
				CLANG_ANALYZER_NONNULL = YES;
				CLANG_CXX_LANGUAGE_STANDARD = "gnu++0x";
				CLANG_CXX_LIBRARY = "libc++";
				CLANG_ENABLE_MODULES = YES;
				CLANG_ENABLE_OBJC_ARC = YES;
				CLANG_WARN_BOOL_CONVERSION = YES;
				CLANG_WARN_CONSTANT_CONVERSION = YES;
				CLANG_WARN_DIRECT_OBJC_ISA_USAGE = YES_ERROR;
				CLANG_WARN_DOCUMENTATION_COMMENTS = YES;
				CLANG_WARN_EMPTY_BODY = YES;
				CLANG_WARN_ENUM_CONVERSION = YES;
				CLANG_WARN_INFINITE_RECURSION = YES;
				CLANG_WARN_INT_CONVERSION = YES;
				CLANG_WARN_OBJC_ROOT_CLASS = YES_ERROR;
				CLANG_WARN_SUSPICIOUS_MOVE = YES;
				CLANG_WARN_UNREACHABLE_CODE = YES;
				CLANG_WARN__DUPLICATE_METHOD_MATCH = YES;
				"CODE_SIGN_IDENTITY[sdk=iphoneos*]" = "iPhone Developer";
				COPY_PHASE_STRIP = NO;
				DEBUG_INFORMATION_FORMAT = dwarf;
				ENABLE_STRICT_OBJC_MSGSEND = YES;
				ENABLE_TESTABILITY = YES;
				GCC_C_LANGUAGE_STANDARD = gnu99;
				GCC_DYNAMIC_NO_PIC = NO;
				GCC_NO_COMMON_BLOCKS = YES;
				GCC_OPTIMIZATION_LEVEL = 0;
				GCC_PREPROCESSOR_DEFINITIONS = (
					"DEBUG=1",
					"$(inherited)",
				);
				GCC_WARN_64_TO_32_BIT_CONVERSION = YES;
				GCC_WARN_ABOUT_RETURN_TYPE = YES_ERROR;
				GCC_WARN_UNDECLARED_SELECTOR = YES;
				GCC_WARN_UNINITIALIZED_AUTOS = YES_AGGRESSIVE;
				GCC_WARN_UNUSED_FUNCTION = YES;
				GCC_WARN_UNUSED_VARIABLE = YES;
				IPHONEOS_DEPLOYMENT_TARGET = 10.2;
				MTL_ENABLE_DEBUG_INFO = YES;
				ONLY_ACTIVE_ARCH = YES;
				SDKROOT = iphoneos;
				TARGETED_DEVICE_FAMILY = "1,2";
			};
			name = Debug;
		};
		8402D17D1E61F6C600968EA2 /* Release */ = {
			isa = XCBuildConfiguration;
			buildSettings = {
				ALWAYS_SEARCH_USER_PATHS = NO;
				CLANG_ANALYZER_NONNULL = YES;
				CLANG_CXX_LANGUAGE_STANDARD = "gnu++0x";
				CLANG_CXX_LIBRARY = "libc++";
				CLANG_ENABLE_MODULES = YES;
				CLANG_ENABLE_OBJC_ARC = YES;
				CLANG_WARN_BOOL_CONVERSION = YES;
				CLANG_WARN_CONSTANT_CONVERSION = YES;
				CLANG_WARN_DIRECT_OBJC_ISA_USAGE = YES_ERROR;
				CLANG_WARN_DOCUMENTATION_COMMENTS = YES;
				CLANG_WARN_EMPTY_BODY = YES;
				CLANG_WARN_ENUM_CONVERSION = YES;
				CLANG_WARN_INFINITE_RECURSION = YES;
				CLANG_WARN_INT_CONVERSION = YES;
				CLANG_WARN_OBJC_ROOT_CLASS = YES_ERROR;
				CLANG_WARN_SUSPICIOUS_MOVE = YES;
				CLANG_WARN_UNREACHABLE_CODE = YES;
				CLANG_WARN__DUPLICATE_METHOD_MATCH = YES;
				"CODE_SIGN_IDENTITY[sdk=iphoneos*]" = "iPhone Developer";
				COPY_PHASE_STRIP = NO;
				DEBUG_INFORMATION_FORMAT = "dwarf-with-dsym";
				ENABLE_NS_ASSERTIONS = NO;
				ENABLE_STRICT_OBJC_MSGSEND = YES;
				GCC_C_LANGUAGE_STANDARD = gnu99;
				GCC_NO_COMMON_BLOCKS = YES;
				GCC_WARN_64_TO_32_BIT_CONVERSION = YES;
				GCC_WARN_ABOUT_RETURN_TYPE = YES_ERROR;
				GCC_WARN_UNDECLARED_SELECTOR = YES;
				GCC_WARN_UNINITIALIZED_AUTOS = YES_AGGRESSIVE;
				GCC_WARN_UNUSED_FUNCTION = YES;
				GCC_WARN_UNUSED_VARIABLE = YES;
				IPHONEOS_DEPLOYMENT_TARGET = 10.2;
				MTL_ENABLE_DEBUG_INFO = NO;
				SDKROOT = iphoneos;
				TARGETED_DEVICE_FAMILY = "1,2";
				VALIDATE_PRODUCT = YES;
			};
			name = Release;
		};
		8402D17F1E61F6C600968EA2 /* Debug */ = {
			isa = XCBuildConfiguration;
			baseConfigurationReference = 154A945D88A862DD47CAD59F /* Pods-iMoney.debug.xcconfig */;
			buildSettings = {
				ASSETCATALOG_COMPILER_APPICON_NAME = AppIcon;
				GCC_PRECOMPILE_PREFIX_HEADER = YES;
				GCC_PREFIX_HEADER = "$(SRCROOT)/$(PRODUCT_NAME)/PrefixHeader.pch";
				INFOPLIST_FILE = iMoney/Info.plist;
				LD_RUNPATH_SEARCH_PATHS = "$(inherited) @executable_path/Frameworks";
				PRODUCT_BUNDLE_IDENTIFIER = Bananaland.iMoney;
				PRODUCT_NAME = "$(TARGET_NAME)";
			};
			name = Debug;
		};
		8402D1801E61F6C600968EA2 /* Release */ = {
			isa = XCBuildConfiguration;
			baseConfigurationReference = B7AAAB9D4BE802D71A22FB00 /* Pods-iMoney.release.xcconfig */;
			buildSettings = {
				ASSETCATALOG_COMPILER_APPICON_NAME = AppIcon;
				GCC_PRECOMPILE_PREFIX_HEADER = YES;
				GCC_PREFIX_HEADER = "$(SRCROOT)/$(PRODUCT_NAME)/PrefixHeader.pch";
				INFOPLIST_FILE = iMoney/Info.plist;
				LD_RUNPATH_SEARCH_PATHS = "$(inherited) @executable_path/Frameworks";
				PRODUCT_BUNDLE_IDENTIFIER = Bananaland.iMoney;
				PRODUCT_NAME = "$(TARGET_NAME)";
			};
			name = Release;
		};
/* End XCBuildConfiguration section */

/* Begin XCConfigurationList section */
		8402D15F1E61F6C600968EA2 /* Build configuration list for PBXProject "iMoney" */ = {
			isa = XCConfigurationList;
			buildConfigurations = (
				8402D17C1E61F6C600968EA2 /* Debug */,
				8402D17D1E61F6C600968EA2 /* Release */,
			);
			defaultConfigurationIsVisible = 0;
			defaultConfigurationName = Release;
		};
		8402D17E1E61F6C600968EA2 /* Build configuration list for PBXNativeTarget "iMoney" */ = {
			isa = XCConfigurationList;
			buildConfigurations = (
				8402D17F1E61F6C600968EA2 /* Debug */,
				8402D1801E61F6C600968EA2 /* Release */,
			);
			defaultConfigurationIsVisible = 0;
			defaultConfigurationName = Release;
		};
/* End XCConfigurationList section */

/* Begin XCVersionGroup section */
		84D92FCB1E61FB9800F823DD /* iMoney.xcdatamodeld */ = {
			isa = XCVersionGroup;
			children = (
				84D92FCC1E61FB9800F823DD /* iMoney.xcdatamodel */,
			);
			currentVersion = 84D92FCC1E61FB9800F823DD /* iMoney.xcdatamodel */;
			path = iMoney.xcdatamodeld;
			sourceTree = "<group>";
			versionGroupType = wrapper.xcdatamodel;
		};
/* End XCVersionGroup section */
	};
	rootObject = 8402D15C1E61F6C600968EA2 /* Project object */;
}
